// !$*UTF8*$!
{
	archiveVersion = 1;
	classes = {
	};
	objectVersion = 46;
	objects = {

/* Begin PBXBuildFile section */
		781D774A1D1BA7A000D9417C /* wordsearch.png in Resources */ = {isa = PBXBuildFile; fileRef = 781D77491D1BA7A000D9417C /* wordsearch.png */; };
		781D77511D1CA8CC00D9417C /* Puzzle.m in Sources */ = {isa = PBXBuildFile; fileRef = 781D77501D1CA8CC00D9417C /* Puzzle.m */; };
		784A316F1D248CA200AC8AB9 /* quiz.json in Resources */ = {isa = PBXBuildFile; fileRef = 784A316C1D248CA200AC8AB9 /* quiz.json */; };
		784A31811D26CE1E00AC8AB9 /* conrete.jpg in Resources */ = {isa = PBXBuildFile; fileRef = 784A31801D26CE1E00AC8AB9 /* conrete.jpg */; };
		784A31841D26CE6700AC8AB9 /* Quiz.m in Sources */ = {isa = PBXBuildFile; fileRef = 784A31831D26CE6700AC8AB9 /* Quiz.m */; };
		784A31871D26E4D200AC8AB9 /* CircleProgressBar.m in Sources */ = {isa = PBXBuildFile; fileRef = 784A31861D26E4D200AC8AB9 /* CircleProgressBar.m */; };
		788D96C91D2C701300CFA895 /* Assets.bundle in Resources */ = {isa = PBXBuildFile; fileRef = 788D96C81D2C701300CFA895 /* Assets.bundle */; };
		78A9FBAE1D1DEC250055B029 /* 2025KidsLogo.png in Resources */ = {isa = PBXBuildFile; fileRef = 78A9FBAD1D1DEC250055B029 /* 2025KidsLogo.png */; };
		78A9FBB31D1E15300055B029 /* PuzzleNavigation.m in Sources */ = {isa = PBXBuildFile; fileRef = 78A9FBB21D1E15300055B029 /* PuzzleNavigation.m */; };
		78A9FBB81D21CB790055B029 /* article1.jpg in Resources */ = {isa = PBXBuildFile; fileRef = 78A9FBB41D21CB790055B029 /* article1.jpg */; };
		78A9FBB91D21CB790055B029 /* article2.jpg in Resources */ = {isa = PBXBuildFile; fileRef = 78A9FBB51D21CB790055B029 /* article2.jpg */; };
		78A9FBBA1D21CB790055B029 /* article3.jpg in Resources */ = {isa = PBXBuildFile; fileRef = 78A9FBB61D21CB790055B029 /* article3.jpg */; };
		78A9FBBB1D21CB790055B029 /* article4.jpg in Resources */ = {isa = PBXBuildFile; fileRef = 78A9FBB71D21CB790055B029 /* article4.jpg */; };
		78A9FBE11D21DEF80055B029 /* ArticleViewing.m in Sources */ = {isa = PBXBuildFile; fileRef = 78A9FBE01D21DEF70055B029 /* ArticleViewing.m */; };
		78A9FBE31D220C4F0055B029 /* fillintheblank.jpg in Resources */ = {isa = PBXBuildFile; fileRef = 78A9FBE21D220C4F0055B029 /* fillintheblank.jpg */; };
		78A9FBF41D233A9B0055B029 /* AroundTheWorld.m in Sources */ = {isa = PBXBuildFile; fileRef = 78A9FBF31D233A9B0055B029 /* AroundTheWorld.m */; };
		78A9FBF71D2341120055B029 /* aroundtheworld2.jpg in Resources */ = {isa = PBXBuildFile; fileRef = 78A9FBF51D2341120055B029 /* aroundtheworld2.jpg */; };
		78A9FBF81D2341120055B029 /* aroundtheworld1.jpg in Resources */ = {isa = PBXBuildFile; fileRef = 78A9FBF61D2341120055B029 /* aroundtheworld1.jpg */; };
		78D07FCE1D2EFBB90090D72B /* IGCMenu.m in Sources */ = {isa = PBXBuildFile; fileRef = 78D07FCD1D2EFBB90090D72B /* IGCMenu.m */; };
		78D07FE41D2F0B6B0090D72B /* 2025KidsLogo.jpg in Resources */ = {isa = PBXBuildFile; fileRef = 78D07FD01D2F0B6B0090D72B /* 2025KidsLogo.jpg */; };
		78D07FE51D2F0B6B0090D72B /* 2025KidsLogo.png in Resources */ = {isa = PBXBuildFile; fileRef = 78D07FD11D2F0B6B0090D72B /* 2025KidsLogo.png */; };
		78D07FE61D2F0B6B0090D72B /* aroundTheWorld.jpg in Resources */ = {isa = PBXBuildFile; fileRef = 78D07FD21D2F0B6B0090D72B /* aroundTheWorld.jpg */; };
		78D07FED1D2F0B6B0090D72B /* checkmark.png in Resources */ = {isa = PBXBuildFile; fileRef = 78D07FD91D2F0B6B0090D72B /* checkmark.png */; };
		78D07FEE1D2F0B6B0090D72B /* cipher.jpg in Resources */ = {isa = PBXBuildFile; fileRef = 78D07FDA1D2F0B6B0090D72B /* cipher.jpg */; };
		78D07FEF1D2F0B6B0090D72B /* cross2@3x.png in Resources */ = {isa = PBXBuildFile; fileRef = 78D07FDB1D2F0B6B0090D72B /* cross2@3x.png */; };
		78D07FF01D2F0B6B0090D72B /* fillintheblank.jpg in Resources */ = {isa = PBXBuildFile; fileRef = 78D07FDC1D2F0B6B0090D72B /* fillintheblank.jpg */; };
		78D07FF11D2F0B6B0090D72B /* linen.jpg in Resources */ = {isa = PBXBuildFile; fileRef = 78D07FDD1D2F0B6B0090D72B /* linen.jpg */; };
		78D07FF21D2F0B6B0090D72B /* materialtime.jpg in Resources */ = {isa = PBXBuildFile; fileRef = 78D07FDE1D2F0B6B0090D72B /* materialtime.jpg */; };
		78D07FF31D2F0B6B0090D72B /* page12.jpg in Resources */ = {isa = PBXBuildFile; fileRef = 78D07FDF1D2F0B6B0090D72B /* page12.jpg */; };
		78D07FF41D2F0B6B0090D72B /* plus.png in Resources */ = {isa = PBXBuildFile; fileRef = 78D07FE01D2F0B6B0090D72B /* plus.png */; };
		78D07FF51D2F0B6B0090D72B /* quiz.json in Resources */ = {isa = PBXBuildFile; fileRef = 78D07FE11D2F0B6B0090D72B /* quiz.json */; };
		78D07FF61D2F0B6B0090D72B /* wordsearch.png in Resources */ = {isa = PBXBuildFile; fileRef = 78D07FE21D2F0B6B0090D72B /* wordsearch.png */; };
		78D07FF71D2F0B6B0090D72B /* wrong.png in Resources */ = {isa = PBXBuildFile; fileRef = 78D07FE31D2F0B6B0090D72B /* wrong.png */; };
		78D07FFB1D2F0FF50090D72B /* newspaper.png in Resources */ = {isa = PBXBuildFile; fileRef = 78D07FFA1D2F0FF50090D72B /* newspaper.png */; };
		78E4D44A1D1B1CF100FAFC1C /* main.m in Sources */ = {isa = PBXBuildFile; fileRef = 78E4D4491D1B1CF100FAFC1C /* main.m */; };
		78E4D44D1D1B1CF200FAFC1C /* AppDelegate.m in Sources */ = {isa = PBXBuildFile; fileRef = 78E4D44C1D1B1CF200FAFC1C /* AppDelegate.m */; };
		78E4D4501D1B1CF200FAFC1C /* ViewController.m in Sources */ = {isa = PBXBuildFile; fileRef = 78E4D44F1D1B1CF200FAFC1C /* ViewController.m */; };
		78E4D4531D1B1CF200FAFC1C /* Main.storyboard in Resources */ = {isa = PBXBuildFile; fileRef = 78E4D4511D1B1CF200FAFC1C /* Main.storyboard */; };
		78E4D4551D1B1CF200FAFC1C /* Assets.xcassets in Resources */ = {isa = PBXBuildFile; fileRef = 78E4D4541D1B1CF200FAFC1C /* Assets.xcassets */; };
		78E4D4581D1B1CF200FAFC1C /* LaunchScreen.storyboard in Resources */ = {isa = PBXBuildFile; fileRef = 78E4D4561D1B1CF200FAFC1C /* LaunchScreen.storyboard */; };
		78E4D4611D1B2D9400FAFC1C /* YTPlayerView.m in Sources */ = {isa = PBXBuildFile; fileRef = 78E4D4601D1B2D9300FAFC1C /* YTPlayerView.m */; };
/* End PBXBuildFile section */

/* Begin PBXFileReference section */
		781D77491D1BA7A000D9417C /* wordsearch.png */ = {isa = PBXFileReference; lastKnownFileType = image.png; path = wordsearch.png; sourceTree = "<group>"; };
		781D774F1D1CA8CC00D9417C /* Puzzle.h */ = {isa = PBXFileReference; fileEncoding = 4; lastKnownFileType = sourcecode.c.h; path = Puzzle.h; sourceTree = "<group>"; };
		781D77501D1CA8CC00D9417C /* Puzzle.m */ = {isa = PBXFileReference; fileEncoding = 4; lastKnownFileType = sourcecode.c.objc; path = Puzzle.m; sourceTree = "<group>"; };
		784A316C1D248CA200AC8AB9 /* quiz.json */ = {isa = PBXFileReference; fileEncoding = 4; lastKnownFileType = text.json; name = quiz.json; path = /Users/mbpro/Desktop/Quiz/Quiz/../../../Downloads/quiz.json; sourceTree = "<absolute>"; };
		784A31801D26CE1E00AC8AB9 /* conrete.jpg */ = {isa = PBXFileReference; lastKnownFileType = image.jpeg; name = conrete.jpg; path = ../conrete.jpg; sourceTree = "<group>"; };
		784A31821D26CE6700AC8AB9 /* Quiz.h */ = {isa = PBXFileReference; fileEncoding = 4; lastKnownFileType = sourcecode.c.h; path = Quiz.h; sourceTree = "<group>"; };
		784A31831D26CE6700AC8AB9 /* Quiz.m */ = {isa = PBXFileReference; fileEncoding = 4; lastKnownFileType = sourcecode.c.objc; path = Quiz.m; sourceTree = "<group>"; };
		784A31851D26E4D200AC8AB9 /* CircleProgressBar.h */ = {isa = PBXFileReference; fileEncoding = 4; lastKnownFileType = sourcecode.c.h; path = CircleProgressBar.h; sourceTree = "<group>"; };
		784A31861D26E4D200AC8AB9 /* CircleProgressBar.m */ = {isa = PBXFileReference; fileEncoding = 4; lastKnownFileType = sourcecode.c.objc; path = CircleProgressBar.m; sourceTree = "<group>"; };
		788D96C81D2C701300CFA895 /* Assets.bundle */ = {isa = PBXFileReference; lastKnownFileType = "wrapper.plug-in"; path = Assets.bundle; sourceTree = "<group>"; };
		78A9FBAD1D1DEC250055B029 /* 2025KidsLogo.png */ = {isa = PBXFileReference; lastKnownFileType = image.png; path = 2025KidsLogo.png; sourceTree = "<group>"; };
		78A9FBB11D1E15300055B029 /* PuzzleNavigation.h */ = {isa = PBXFileReference; fileEncoding = 4; lastKnownFileType = sourcecode.c.h; path = PuzzleNavigation.h; sourceTree = "<group>"; };
		78A9FBB21D1E15300055B029 /* PuzzleNavigation.m */ = {isa = PBXFileReference; fileEncoding = 4; lastKnownFileType = sourcecode.c.objc; path = PuzzleNavigation.m; sourceTree = "<group>"; };
		78A9FBB41D21CB790055B029 /* article1.jpg */ = {isa = PBXFileReference; lastKnownFileType = image.jpeg; path = article1.jpg; sourceTree = "<group>"; };
		78A9FBB51D21CB790055B029 /* article2.jpg */ = {isa = PBXFileReference; lastKnownFileType = image.jpeg; path = article2.jpg; sourceTree = "<group>"; };
		78A9FBB61D21CB790055B029 /* article3.jpg */ = {isa = PBXFileReference; lastKnownFileType = image.jpeg; path = article3.jpg; sourceTree = "<group>"; };
		78A9FBB71D21CB790055B029 /* article4.jpg */ = {isa = PBXFileReference; lastKnownFileType = image.jpeg; path = article4.jpg; sourceTree = "<group>"; };
		78A9FBDF1D21DEF70055B029 /* ArticleViewing.h */ = {isa = PBXFileReference; fileEncoding = 4; lastKnownFileType = sourcecode.c.h; path = ArticleViewing.h; sourceTree = "<group>"; };
		78A9FBE01D21DEF70055B029 /* ArticleViewing.m */ = {isa = PBXFileReference; fileEncoding = 4; lastKnownFileType = sourcecode.c.objc; path = ArticleViewing.m; sourceTree = "<group>"; };
		78A9FBE21D220C4F0055B029 /* fillintheblank.jpg */ = {isa = PBXFileReference; lastKnownFileType = image.jpeg; path = fillintheblank.jpg; sourceTree = "<group>"; };
		78A9FBF21D233A9B0055B029 /* AroundTheWorld.h */ = {isa = PBXFileReference; fileEncoding = 4; lastKnownFileType = sourcecode.c.h; name = AroundTheWorld.h; path = ../AroundTheWorld.h; sourceTree = "<group>"; };
		78A9FBF31D233A9B0055B029 /* AroundTheWorld.m */ = {isa = PBXFileReference; fileEncoding = 4; lastKnownFileType = sourcecode.c.objc; name = AroundTheWorld.m; path = ../AroundTheWorld.m; sourceTree = "<group>"; };
		78A9FBF51D2341120055B029 /* aroundtheworld2.jpg */ = {isa = PBXFileReference; lastKnownFileType = image.jpeg; path = aroundtheworld2.jpg; sourceTree = "<group>"; };
		78A9FBF61D2341120055B029 /* aroundtheworld1.jpg */ = {isa = PBXFileReference; lastKnownFileType = image.jpeg; path = aroundtheworld1.jpg; sourceTree = "<group>"; };
		78D07FCC1D2EFBB90090D72B /* IGCMenu.h */ = {isa = PBXFileReference; fileEncoding = 4; lastKnownFileType = sourcecode.c.h; path = IGCMenu.h; sourceTree = "<group>"; };
		78D07FCD1D2EFBB90090D72B /* IGCMenu.m */ = {isa = PBXFileReference; fileEncoding = 4; lastKnownFileType = sourcecode.c.objc; path = IGCMenu.m; sourceTree = "<group>"; };
		78D07FD01D2F0B6B0090D72B /* 2025KidsLogo.jpg */ = {isa = PBXFileReference; lastKnownFileType = image.jpeg; path = 2025KidsLogo.jpg; sourceTree = "<group>"; };
		78D07FD11D2F0B6B0090D72B /* 2025KidsLogo.png */ = {isa = PBXFileReference; lastKnownFileType = image.png; path = 2025KidsLogo.png; sourceTree = "<group>"; };
		78D07FD21D2F0B6B0090D72B /* aroundTheWorld.jpg */ = {isa = PBXFileReference; lastKnownFileType = image.jpeg; path = aroundTheWorld.jpg; sourceTree = "<group>"; };
		78D07FD91D2F0B6B0090D72B /* checkmark.png */ = {isa = PBXFileReference; lastKnownFileType = image.png; path = checkmark.png; sourceTree = "<group>"; };
		78D07FDA1D2F0B6B0090D72B /* cipher.jpg */ = {isa = PBXFileReference; lastKnownFileType = image.jpeg; path = cipher.jpg; sourceTree = "<group>"; };
		78D07FDB1D2F0B6B0090D72B /* cross2@3x.png */ = {isa = PBXFileReference; lastKnownFileType = image.png; path = "cross2@3x.png"; sourceTree = "<group>"; };
		78D07FDC1D2F0B6B0090D72B /* fillintheblank.jpg */ = {isa = PBXFileReference; lastKnownFileType = image.jpeg; path = fillintheblank.jpg; sourceTree = "<group>"; };
		78D07FDD1D2F0B6B0090D72B /* linen.jpg */ = {isa = PBXFileReference; lastKnownFileType = image.jpeg; path = linen.jpg; sourceTree = "<group>"; };
		78D07FDE1D2F0B6B0090D72B /* materialtime.jpg */ = {isa = PBXFileReference; lastKnownFileType = image.jpeg; path = materialtime.jpg; sourceTree = "<group>"; };
		78D07FDF1D2F0B6B0090D72B /* page12.jpg */ = {isa = PBXFileReference; lastKnownFileType = image.jpeg; path = page12.jpg; sourceTree = "<group>"; };
		78D07FE01D2F0B6B0090D72B /* plus.png */ = {isa = PBXFileReference; lastKnownFileType = image.png; path = plus.png; sourceTree = "<group>"; };
		78D07FE11D2F0B6B0090D72B /* quiz.json */ = {isa = PBXFileReference; fileEncoding = 4; lastKnownFileType = text.json; path = quiz.json; sourceTree = "<group>"; };
		78D07FE21D2F0B6B0090D72B /* wordsearch.png */ = {isa = PBXFileReference; lastKnownFileType = image.png; path = wordsearch.png; sourceTree = "<group>"; };
		78D07FE31D2F0B6B0090D72B /* wrong.png */ = {isa = PBXFileReference; lastKnownFileType = image.png; path = wrong.png; sourceTree = "<group>"; };
		78D07FFA1D2F0FF50090D72B /* newspaper.png */ = {isa = PBXFileReference; lastKnownFileType = image.png; path = newspaper.png; sourceTree = "<group>"; };
		78E4D4451D1B1CF100FAFC1C /* Magazine.app */ = {isa = PBXFileReference; explicitFileType = wrapper.application; includeInIndex = 0; path = Magazine.app; sourceTree = BUILT_PRODUCTS_DIR; };
		78E4D4491D1B1CF100FAFC1C /* main.m */ = {isa = PBXFileReference; lastKnownFileType = sourcecode.c.objc; path = main.m; sourceTree = "<group>"; };
		78E4D44B1D1B1CF200FAFC1C /* AppDelegate.h */ = {isa = PBXFileReference; lastKnownFileType = sourcecode.c.h; path = AppDelegate.h; sourceTree = "<group>"; };
		78E4D44C1D1B1CF200FAFC1C /* AppDelegate.m */ = {isa = PBXFileReference; lastKnownFileType = sourcecode.c.objc; path = AppDelegate.m; sourceTree = "<group>"; };
		78E4D44E1D1B1CF200FAFC1C /* ViewController.h */ = {isa = PBXFileReference; lastKnownFileType = sourcecode.c.h; path = ViewController.h; sourceTree = "<group>"; };
		78E4D44F1D1B1CF200FAFC1C /* ViewController.m */ = {isa = PBXFileReference; lastKnownFileType = sourcecode.c.objc; path = ViewController.m; sourceTree = "<group>"; };
		78E4D4521D1B1CF200FAFC1C /* Base */ = {isa = PBXFileReference; lastKnownFileType = file.storyboard; name = Base; path = Base.lproj/Main.storyboard; sourceTree = "<group>"; };
		78E4D4541D1B1CF200FAFC1C /* Assets.xcassets */ = {isa = PBXFileReference; lastKnownFileType = folder.assetcatalog; path = Assets.xcassets; sourceTree = "<group>"; };
		78E4D4571D1B1CF200FAFC1C /* Base */ = {isa = PBXFileReference; lastKnownFileType = file.storyboard; name = Base; path = Base.lproj/LaunchScreen.storyboard; sourceTree = "<group>"; };
		78E4D4591D1B1CF200FAFC1C /* Info.plist */ = {isa = PBXFileReference; lastKnownFileType = text.plist.xml; path = Info.plist; sourceTree = "<group>"; };
		78E4D45F1D1B2D9300FAFC1C /* YTPlayerView.h */ = {isa = PBXFileReference; fileEncoding = 4; lastKnownFileType = sourcecode.c.h; name = YTPlayerView.h; path = "../../Magazine copy/Magazine/Magazine/YTPlayerView.h"; sourceTree = "<group>"; };
		78E4D4601D1B2D9300FAFC1C /* YTPlayerView.m */ = {isa = PBXFileReference; fileEncoding = 4; lastKnownFileType = sourcecode.c.objc; name = YTPlayerView.m; path = "../../Magazine copy/Magazine/Magazine/YTPlayerView.m"; sourceTree = "<group>"; };
/* End PBXFileReference section */

/* Begin PBXFrameworksBuildPhase section */
		78E4D4421D1B1CF100FAFC1C /* Frameworks */ = {
			isa = PBXFrameworksBuildPhase;
			buildActionMask = 2147483647;
			files = (
			);
			runOnlyForDeploymentPostprocessing = 0;
		};
/* End PBXFrameworksBuildPhase section */

/* Begin PBXGroup section */
		78D07FCB1D2EFBB90090D72B /* IGCMenu */ = {
			isa = PBXGroup;
			children = (
				78D07FCC1D2EFBB90090D72B /* IGCMenu.h */,
				78D07FCD1D2EFBB90090D72B /* IGCMenu.m */,
			);
			path = IGCMenu;
			sourceTree = "<group>";
		};
		78D07FCF1D2F0B6B0090D72B /* images */ = {
			isa = PBXGroup;
			children = (
				78A9FBAD1D1DEC250055B029 /* 2025KidsLogo.png */,
				78A9FBB41D21CB790055B029 /* article1.jpg */,
				78A9FBB51D21CB790055B029 /* article2.jpg */,
				78A9FBB61D21CB790055B029 /* article3.jpg */,
				78A9FBB71D21CB790055B029 /* article4.jpg */,
				784A31801D26CE1E00AC8AB9 /* conrete.jpg */,
				78A9FBF51D2341120055B029 /* aroundtheworld2.jpg */,
				78A9FBF61D2341120055B029 /* aroundtheworld1.jpg */,
				78A9FBE21D220C4F0055B029 /* fillintheblank.jpg */,
				781D77491D1BA7A000D9417C /* wordsearch.png */,
				78D07FD01D2F0B6B0090D72B /* 2025KidsLogo.jpg */,
				78D07FD11D2F0B6B0090D72B /* 2025KidsLogo.png */,
				78D07FFA1D2F0FF50090D72B /* newspaper.png */,
				78D07FD21D2F0B6B0090D72B /* aroundTheWorld.jpg */,
				78D07FD91D2F0B6B0090D72B /* checkmark.png */,
				78D07FDA1D2F0B6B0090D72B /* cipher.jpg */,
				78D07FDB1D2F0B6B0090D72B /* cross2@3x.png */,
				78D07FDC1D2F0B6B0090D72B /* fillintheblank.jpg */,
				78D07FDD1D2F0B6B0090D72B /* linen.jpg */,
				78D07FDE1D2F0B6B0090D72B /* materialtime.jpg */,
				78D07FDF1D2F0B6B0090D72B /* page12.jpg */,
				78D07FE01D2F0B6B0090D72B /* plus.png */,
				78D07FE11D2F0B6B0090D72B /* quiz.json */,
				78D07FE21D2F0B6B0090D72B /* wordsearch.png */,
				78D07FE31D2F0B6B0090D72B /* wrong.png */,
			);
			path = images;
			sourceTree = "<group>";
		};
		78E4D43C1D1B1CF000FAFC1C = {
			isa = PBXGroup;
			children = (
				78E4D4471D1B1CF100FAFC1C /* Magazine */,
				78E4D4461D1B1CF100FAFC1C /* Products */,
			);
			sourceTree = "<group>";
		};
		78E4D4461D1B1CF100FAFC1C /* Products */ = {
			isa = PBXGroup;
			children = (
				78E4D4451D1B1CF100FAFC1C /* Magazine.app */,
			);
			name = Products;
			sourceTree = "<group>";
		};
		78E4D4471D1B1CF100FAFC1C /* Magazine */ = {
			isa = PBXGroup;
			children = (
				788D96C81D2C701300CFA895 /* Assets.bundle */,
				78D07FCB1D2EFBB90090D72B /* IGCMenu */,
				78D07FCF1D2F0B6B0090D72B /* images */,
				78E4D45F1D1B2D9300FAFC1C /* YTPlayerView.h */,
				784A31851D26E4D200AC8AB9 /* CircleProgressBar.h */,
				784A31861D26E4D200AC8AB9 /* CircleProgressBar.m */,
				784A316C1D248CA200AC8AB9 /* quiz.json */,
				78E4D4601D1B2D9300FAFC1C /* YTPlayerView.m */,
				784A31821D26CE6700AC8AB9 /* Quiz.h */,
				784A31831D26CE6700AC8AB9 /* Quiz.m */,
				78E4D44B1D1B1CF200FAFC1C /* AppDelegate.h */,
				78E4D44C1D1B1CF200FAFC1C /* AppDelegate.m */,
				78A9FBF21D233A9B0055B029 /* AroundTheWorld.h */,
				78A9FBF31D233A9B0055B029 /* AroundTheWorld.m */,
				78E4D44E1D1B1CF200FAFC1C /* ViewController.h */,
				78E4D44F1D1B1CF200FAFC1C /* ViewController.m */,
				78E4D4511D1B1CF200FAFC1C /* Main.storyboard */,
				78A9FBDF1D21DEF70055B029 /* ArticleViewing.h */,
				78A9FBE01D21DEF70055B029 /* ArticleViewing.m */,
				78A9FBB11D1E15300055B029 /* PuzzleNavigation.h */,
				78A9FBB21D1E15300055B029 /* PuzzleNavigation.m */,
				781D774F1D1CA8CC00D9417C /* Puzzle.h */,
				781D77501D1CA8CC00D9417C /* Puzzle.m */,
				78E4D4541D1B1CF200FAFC1C /* Assets.xcassets */,
				78E4D4561D1B1CF200FAFC1C /* LaunchScreen.storyboard */,
				78E4D4591D1B1CF200FAFC1C /* Info.plist */,
				78E4D4481D1B1CF100FAFC1C /* Supporting Files */,
			);
			path = Magazine;
			sourceTree = "<group>";
		};
		78E4D4481D1B1CF100FAFC1C /* Supporting Files */ = {
			isa = PBXGroup;
			children = (
				78E4D4491D1B1CF100FAFC1C /* main.m */,
			);
			name = "Supporting Files";
			sourceTree = "<group>";
		};
/* End PBXGroup section */

/* Begin PBXNativeTarget section */
		78E4D4441D1B1CF100FAFC1C /* Magazine */ = {
			isa = PBXNativeTarget;
			buildConfigurationList = 78E4D45C1D1B1CF200FAFC1C /* Build configuration list for PBXNativeTarget "Magazine" */;
			buildPhases = (
				78E4D4411D1B1CF100FAFC1C /* Sources */,
				78E4D4421D1B1CF100FAFC1C /* Frameworks */,
				78E4D4431D1B1CF100FAFC1C /* Resources */,
			);
			buildRules = (
			);
			dependencies = (
			);
			name = Magazine;
			productName = Magazine;
			productReference = 78E4D4451D1B1CF100FAFC1C /* Magazine.app */;
			productType = "com.apple.product-type.application";
		};
/* End PBXNativeTarget section */

/* Begin PBXProject section */
		78E4D43D1D1B1CF100FAFC1C /* Project object */ = {
			isa = PBXProject;
			attributes = {
				LastUpgradeCheck = 0730;
				ORGANIZATIONNAME = MBPro;
				TargetAttributes = {
					78E4D4441D1B1CF100FAFC1C = {
						CreatedOnToolsVersion = 7.3.1;
					};
				};
			};
			buildConfigurationList = 78E4D4401D1B1CF100FAFC1C /* Build configuration list for PBXProject "Magazine" */;
			compatibilityVersion = "Xcode 3.2";
			developmentRegion = English;
			hasScannedForEncodings = 0;
			knownRegions = (
				en,
				Base,
			);
			mainGroup = 78E4D43C1D1B1CF000FAFC1C;
			productRefGroup = 78E4D4461D1B1CF100FAFC1C /* Products */;
			projectDirPath = "";
			projectRoot = "";
			targets = (
				78E4D4441D1B1CF100FAFC1C /* Magazine */,
			);
		};
/* End PBXProject section */

/* Begin PBXResourcesBuildPhase section */
		78E4D4431D1B1CF100FAFC1C /* Resources */ = {
			isa = PBXResourcesBuildPhase;
			buildActionMask = 2147483647;
			files = (
				788D96C91D2C701300CFA895 /* Assets.bundle in Resources */,
				78D07FF11D2F0B6B0090D72B /* linen.jpg in Resources */,
				78D07FE61D2F0B6B0090D72B /* aroundTheWorld.jpg in Resources */,
				78D07FF01D2F0B6B0090D72B /* fillintheblank.jpg in Resources */,
				78A9FBAE1D1DEC250055B029 /* 2025KidsLogo.png in Resources */,
				78D07FE41D2F0B6B0090D72B /* 2025KidsLogo.jpg in Resources */,
				78D07FEF1D2F0B6B0090D72B /* cross2@3x.png in Resources */,
				78D07FED1D2F0B6B0090D72B /* checkmark.png in Resources */,
				78A9FBB91D21CB790055B029 /* article2.jpg in Resources */,
				78E4D4581D1B1CF200FAFC1C /* LaunchScreen.storyboard in Resources */,
				781D774A1D1BA7A000D9417C /* wordsearch.png in Resources */,
				78A9FBBB1D21CB790055B029 /* article4.jpg in Resources */,
				78D07FF71D2F0B6B0090D72B /* wrong.png in Resources */,
				78D07FF31D2F0B6B0090D72B /* page12.jpg in Resources */,
				78A9FBB81D21CB790055B029 /* article1.jpg in Resources */,
				78D07FFB1D2F0FF50090D72B /* newspaper.png in Resources */,
				78E4D4551D1B1CF200FAFC1C /* Assets.xcassets in Resources */,
				784A316F1D248CA200AC8AB9 /* quiz.json in Resources */,
				78D07FF21D2F0B6B0090D72B /* materialtime.jpg in Resources */,
				78D07FF61D2F0B6B0090D72B /* wordsearch.png in Resources */,
				78D07FF51D2F0B6B0090D72B /* quiz.json in Resources */,
				78D07FF41D2F0B6B0090D72B /* plus.png in Resources */,
				78D07FEE1D2F0B6B0090D72B /* cipher.jpg in Resources */,
				78A9FBE31D220C4F0055B029 /* fillintheblank.jpg in Resources */,
				78D07FE51D2F0B6B0090D72B /* 2025KidsLogo.png in Resources */,
				78E4D4531D1B1CF200FAFC1C /* Main.storyboard in Resources */,
				78A9FBBA1D21CB790055B029 /* article3.jpg in Resources */,
				784A31811D26CE1E00AC8AB9 /* conrete.jpg in Resources */,
				78A9FBF81D2341120055B029 /* aroundtheworld1.jpg in Resources */,
				78A9FBF71D2341120055B029 /* aroundtheworld2.jpg in Resources */,
			);
			runOnlyForDeploymentPostprocessing = 0;
		};
/* End PBXResourcesBuildPhase section */

/* Begin PBXSourcesBuildPhase section */
		78E4D4411D1B1CF100FAFC1C /* Sources */ = {
			isa = PBXSourcesBuildPhase;
			buildActionMask = 2147483647;
			files = (
				78A9FBE11D21DEF80055B029 /* ArticleViewing.m in Sources */,
				78A9FBF41D233A9B0055B029 /* AroundTheWorld.m in Sources */,
				78E4D4501D1B1CF200FAFC1C /* ViewController.m in Sources */,
				78A9FBB31D1E15300055B029 /* PuzzleNavigation.m in Sources */,
				78D07FCE1D2EFBB90090D72B /* IGCMenu.m in Sources */,
				784A31871D26E4D200AC8AB9 /* CircleProgressBar.m in Sources */,
				78E4D44D1D1B1CF200FAFC1C /* AppDelegate.m in Sources */,
				781D77511D1CA8CC00D9417C /* Puzzle.m in Sources */,
				78E4D4611D1B2D9400FAFC1C /* YTPlayerView.m in Sources */,
				784A31841D26CE6700AC8AB9 /* Quiz.m in Sources */,
				78E4D44A1D1B1CF100FAFC1C /* main.m in Sources */,
			);
			runOnlyForDeploymentPostprocessing = 0;
		};
/* End PBXSourcesBuildPhase section */

/* Begin PBXVariantGroup section */
		78E4D4511D1B1CF200FAFC1C /* Main.storyboard */ = {
			isa = PBXVariantGroup;
			children = (
				78E4D4521D1B1CF200FAFC1C /* Base */,
			);
			name = Main.storyboard;
			sourceTree = "<group>";
		};
		78E4D4561D1B1CF200FAFC1C /* LaunchScreen.storyboard */ = {
			isa = PBXVariantGroup;
			children = (
				78E4D4571D1B1CF200FAFC1C /* Base */,
			);
			name = LaunchScreen.storyboard;
			sourceTree = "<group>";
		};
/* End PBXVariantGroup section */

/* Begin XCBuildConfiguration section */
		78E4D45A1D1B1CF200FAFC1C /* Debug */ = {
			isa = XCBuildConfiguration;
			buildSettings = {
				ALWAYS_SEARCH_USER_PATHS = NO;
				CLANG_ANALYZER_NONNULL = YES;
				CLANG_CXX_LANGUAGE_STANDARD = "gnu++0x";
				CLANG_CXX_LIBRARY = "libc++";
				CLANG_ENABLE_MODULES = YES;
				CLANG_ENABLE_OBJC_ARC = YES;
				CLANG_WARN_BOOL_CONVERSION = YES;
				CLANG_WARN_CONSTANT_CONVERSION = YES;
				CLANG_WARN_DIRECT_OBJC_ISA_USAGE = YES_ERROR;
				CLANG_WARN_EMPTY_BODY = YES;
				CLANG_WARN_ENUM_CONVERSION = YES;
				CLANG_WARN_INT_CONVERSION = YES;
				CLANG_WARN_OBJC_ROOT_CLASS = YES_ERROR;
				CLANG_WARN_UNREACHABLE_CODE = YES;
				CLANG_WARN__DUPLICATE_METHOD_MATCH = YES;
				"CODE_SIGN_IDENTITY[sdk=iphoneos*]" = "iPhone Developer";
				COPY_PHASE_STRIP = NO;
				DEBUG_INFORMATION_FORMAT = dwarf;
				ENABLE_STRICT_OBJC_MSGSEND = YES;
				ENABLE_TESTABILITY = YES;
				GCC_C_LANGUAGE_STANDARD = gnu99;
				GCC_DYNAMIC_NO_PIC = NO;
				GCC_NO_COMMON_BLOCKS = YES;
				GCC_OPTIMIZATION_LEVEL = 0;
				GCC_PREPROCESSOR_DEFINITIONS = (
					"DEBUG=1",
					"$(inherited)",
				);
				GCC_WARN_64_TO_32_BIT_CONVERSION = YES;
				GCC_WARN_ABOUT_RETURN_TYPE = YES_ERROR;
				GCC_WARN_UNDECLARED_SELECTOR = YES;
				GCC_WARN_UNINITIALIZED_AUTOS = YES_AGGRESSIVE;
				GCC_WARN_UNUSED_FUNCTION = YES;
				GCC_WARN_UNUSED_VARIABLE = YES;
				IPHONEOS_DEPLOYMENT_TARGET = 9.3;
				MTL_ENABLE_DEBUG_INFO = YES;
				ONLY_ACTIVE_ARCH = YES;
				SDKROOT = iphoneos;
				TARGETED_DEVICE_FAMILY = "1,2";
			};
			name = Debug;
		};
		78E4D45B1D1B1CF200FAFC1C /* Release */ = {
			isa = XCBuildConfiguration;
			buildSettings = {
				ALWAYS_SEARCH_USER_PATHS = NO;
				CLANG_ANALYZER_NONNULL = YES;
				CLANG_CXX_LANGUAGE_STANDARD = "gnu++0x";
				CLANG_CXX_LIBRARY = "libc++";
				CLANG_ENABLE_MODULES = YES;
				CLANG_ENABLE_OBJC_ARC = YES;
				CLANG_WARN_BOOL_CONVERSION = YES;
				CLANG_WARN_CONSTANT_CONVERSION = YES;
				CLANG_WARN_DIRECT_OBJC_ISA_USAGE = YES_ERROR;
				CLANG_WARN_EMPTY_BODY = YES;
				CLANG_WARN_ENUM_CONVERSION = YES;
				CLANG_WARN_INT_CONVERSION = YES;
				CLANG_WARN_OBJC_ROOT_CLASS = YES_ERROR;
				CLANG_WARN_UNREACHABLE_CODE = YES;
				CLANG_WARN__DUPLICATE_METHOD_MATCH = YES;
				"CODE_SIGN_IDENTITY[sdk=iphoneos*]" = "iPhone Developer";
				COPY_PHASE_STRIP = NO;
				DEBUG_INFORMATION_FORMAT = "dwarf-with-dsym";
				ENABLE_NS_ASSERTIONS = NO;
				ENABLE_STRICT_OBJC_MSGSEND = YES;
				GCC_C_LANGUAGE_STANDARD = gnu99;
				GCC_NO_COMMON_BLOCKS = YES;
				GCC_WARN_64_TO_32_BIT_CONVERSION = YES;
				GCC_WARN_ABOUT_RETURN_TYPE = YES_ERROR;
				GCC_WARN_UNDECLARED_SELECTOR = YES;
				GCC_WARN_UNINITIALIZED_AUTOS = YES_AGGRESSIVE;
				GCC_WARN_UNUSED_FUNCTION = YES;
				GCC_WARN_UNUSED_VARIABLE = YES;
				IPHONEOS_DEPLOYMENT_TARGET = 9.3;
				MTL_ENABLE_DEBUG_INFO = NO;
				SDKROOT = iphoneos;
				TARGETED_DEVICE_FAMILY = "1,2";
				VALIDATE_PRODUCT = YES;
			};
			name = Release;
		};
		78E4D45D1D1B1CF200FAFC1C /* Debug */ = {
			isa = XCBuildConfiguration;
			buildSettings = {
				ASSETCATALOG_COMPILER_APPICON_NAME = AppIcon;
				INFOPLIST_FILE = Magazine/Info.plist;
				LD_RUNPATH_SEARCH_PATHS = "$(inherited) @executable_path/Frameworks";
				PRODUCT_BUNDLE_IDENTIFIER = "-025labs.Magazine";
				PRODUCT_NAME = "$(TARGET_NAME)";
			};
			name = Debug;
		};
		78E4D45E1D1B1CF200FAFC1C /* Release */ = {
			isa = XCBuildConfiguration;
			buildSettings = {
				ASSETCATALOG_COMPILER_APPICON_NAME = AppIcon;
				INFOPLIST_FILE = Magazine/Info.plist;
				LD_RUNPATH_SEARCH_PATHS = "$(inherited) @executable_path/Frameworks";
				PRODUCT_BUNDLE_IDENTIFIER = "-025labs.Magazine";
				PRODUCT_NAME = "$(TARGET_NAME)";
			};
			name = Release;
		};
/* End XCBuildConfiguration section */

/* Begin XCConfigurationList section */
		78E4D4401D1B1CF100FAFC1C /* Build configuration list for PBXProject "Magazine" */ = {
			isa = XCConfigurationList;
			buildConfigurations = (
				78E4D45A1D1B1CF200FAFC1C /* Debug */,
				78E4D45B1D1B1CF200FAFC1C /* Release */,
			);
			defaultConfigurationIsVisible = 0;
			defaultConfigurationName = Release;
		};
		78E4D45C1D1B1CF200FAFC1C /* Build configuration list for PBXNativeTarget "Magazine" */ = {
			isa = XCConfigurationList;
			buildConfigurations = (
				78E4D45D1D1B1CF200FAFC1C /* Debug */,
				78E4D45E1D1B1CF200FAFC1C /* Release */,
			);
			defaultConfigurationIsVisible = 0;
			defaultConfigurationName = Release;
		};
/* End XCConfigurationList section */
	};
	rootObject = 78E4D43D1D1B1CF100FAFC1C /* Project object */;
}
