// !$*UTF8*$!
{
	archiveVersion = 1;
	classes = {
	};
	objectVersion = 46;
	objects = {

/* Begin PBXBuildFile section */
		780C6A741D3FE9130004CD98 /* 2025KidsLogo.jpg in Resources */ = {isa = PBXBuildFile; fileRef = 780C6A3C1D3FE9120004CD98 /* 2025KidsLogo.jpg */; };
		780C6A751D3FE9130004CD98 /* 2025KidsLogo.png in Resources */ = {isa = PBXBuildFile; fileRef = 780C6A3D1D3FE9120004CD98 /* 2025KidsLogo.png */; };
		780C6A761D3FE9130004CD98 /* checkmark.png in Resources */ = {isa = PBXBuildFile; fileRef = 780C6A3E1D3FE9120004CD98 /* checkmark.png */; };
		780C6A771D3FE9130004CD98 /* circleChevronDown.png in Resources */ = {isa = PBXBuildFile; fileRef = 780C6A3F1D3FE9120004CD98 /* circleChevronDown.png */; };
		780C6A781D3FE9130004CD98 /* circleChevronUp.png in Resources */ = {isa = PBXBuildFile; fileRef = 780C6A401D3FE9120004CD98 /* circleChevronUp.png */; };
		780C6A791D3FE9130004CD98 /* austin.jpg in Resources */ = {isa = PBXBuildFile; fileRef = 780C6A421D3FE9120004CD98 /* austin.jpg */; };
		780C6A7A1D3FE9130004CD98 /* bangalore.jpg in Resources */ = {isa = PBXBuildFile; fileRef = 780C6A431D3FE9120004CD98 /* bangalore.jpg */; };
		780C6A7B1D3FE9130004CD98 /* boston.jpg in Resources */ = {isa = PBXBuildFile; fileRef = 780C6A441D3FE9120004CD98 /* boston.jpg */; };
		780C6A7C1D3FE9130004CD98 /* dublin.jpg in Resources */ = {isa = PBXBuildFile; fileRef = 780C6A451D3FE9120004CD98 /* dublin.jpg */; };
		780C6A7D1D3FE9130004CD98 /* hongkong.jpg in Resources */ = {isa = PBXBuildFile; fileRef = 780C6A461D3FE9120004CD98 /* hongkong.jpg */; };
		780C6A7E1D3FE9130004CD98 /* london.jpg in Resources */ = {isa = PBXBuildFile; fileRef = 780C6A471D3FE9120004CD98 /* london.jpg */; };
		780C6A7F1D3FE9130004CD98 /* losangeles.jpg in Resources */ = {isa = PBXBuildFile; fileRef = 780C6A481D3FE9120004CD98 /* losangeles.jpg */; };
		780C6A801D3FE9130004CD98 /* newyorkcity.jpg in Resources */ = {isa = PBXBuildFile; fileRef = 780C6A491D3FE9120004CD98 /* newyorkcity.jpg */; };
		780C6A811D3FE9130004CD98 /* sanfrancisco.jpg in Resources */ = {isa = PBXBuildFile; fileRef = 780C6A4A1D3FE9120004CD98 /* sanfrancisco.jpg */; };
		780C6A821D3FE9130004CD98 /* seattle.jpg in Resources */ = {isa = PBXBuildFile; fileRef = 780C6A4B1D3FE9120004CD98 /* seattle.jpg */; };
		780C6A831D3FE9130004CD98 /* shenzhen.jpg in Resources */ = {isa = PBXBuildFile; fileRef = 780C6A4C1D3FE9120004CD98 /* shenzhen.jpg */; };
		780C6A841D3FE9130004CD98 /* telaviv.jpg in Resources */ = {isa = PBXBuildFile; fileRef = 780C6A4D1D3FE9120004CD98 /* telaviv.jpg */; };
		780C6A851D3FE9130004CD98 /* washingtondc.jpg in Resources */ = {isa = PBXBuildFile; fileRef = 780C6A4E1D3FE9120004CD98 /* washingtondc.jpg */; };
		780C6A861D3FE9130004CD98 /* cross2@3x.png in Resources */ = {isa = PBXBuildFile; fileRef = 780C6A4F1D3FE9120004CD98 /* cross2@3x.png */; };
		780C6A871D3FE9130004CD98 /* globe.png in Resources */ = {isa = PBXBuildFile; fileRef = 780C6A501D3FE9120004CD98 /* globe.png */; };
		780C6A881D3FE9130004CD98 /* keyEmpty.png in Resources */ = {isa = PBXBuildFile; fileRef = 780C6A511D3FE9120004CD98 /* keyEmpty.png */; };
		780C6A891D3FE9130004CD98 /* keyFilled.png in Resources */ = {isa = PBXBuildFile; fileRef = 780C6A521D3FE9130004CD98 /* keyFilled.png */; };
		780C6A8A1D3FE9130004CD98 /* news_icon_70x70.png in Resources */ = {isa = PBXBuildFile; fileRef = 780C6A531D3FE9130004CD98 /* news_icon_70x70.png */; };
		780C6A8B1D3FE9130004CD98 /* newspaper.png in Resources */ = {isa = PBXBuildFile; fileRef = 780C6A541D3FE9130004CD98 /* newspaper.png */; };
		780C6A8C1D3FE9130004CD98 /* newspapersmall.png in Resources */ = {isa = PBXBuildFile; fileRef = 780C6A551D3FE9130004CD98 /* newspapersmall.png */; };
		780C6A8D1D3FE9130004CD98 /* aroundTheWorld.jpg in Resources */ = {isa = PBXBuildFile; fileRef = 780C6A571D3FE9130004CD98 /* aroundTheWorld.jpg */; };
		780C6A8E1D3FE9130004CD98 /* aroundtheworld1.jpg in Resources */ = {isa = PBXBuildFile; fileRef = 780C6A581D3FE9130004CD98 /* aroundtheworld1.jpg */; };
		780C6A8F1D3FE9130004CD98 /* aroundtheworld2.jpg in Resources */ = {isa = PBXBuildFile; fileRef = 780C6A591D3FE9130004CD98 /* aroundtheworld2.jpg */; };
		780C6A901D3FE9130004CD98 /* article1.jpg in Resources */ = {isa = PBXBuildFile; fileRef = 780C6A5A1D3FE9130004CD98 /* article1.jpg */; };
		780C6A911D3FE9130004CD98 /* article2.jpg in Resources */ = {isa = PBXBuildFile; fileRef = 780C6A5B1D3FE9130004CD98 /* article2.jpg */; };
		780C6A921D3FE9130004CD98 /* article3.jpg in Resources */ = {isa = PBXBuildFile; fileRef = 780C6A5C1D3FE9130004CD98 /* article3.jpg */; };
		780C6A931D3FE9130004CD98 /* article4.jpg in Resources */ = {isa = PBXBuildFile; fileRef = 780C6A5D1D3FE9130004CD98 /* article4.jpg */; };
		780C6A941D3FE9130004CD98 /* background.jpg in Resources */ = {isa = PBXBuildFile; fileRef = 780C6A5E1D3FE9130004CD98 /* background.jpg */; };
		780C6A951D3FE9130004CD98 /* cipher.jpg in Resources */ = {isa = PBXBuildFile; fileRef = 780C6A5F1D3FE9130004CD98 /* cipher.jpg */; };
		780C6A961D3FE9130004CD98 /* fillintheblank.jpg in Resources */ = {isa = PBXBuildFile; fileRef = 780C6A601D3FE9130004CD98 /* fillintheblank.jpg */; };
		780C6A971D3FE9130004CD98 /* linen.jpg in Resources */ = {isa = PBXBuildFile; fileRef = 780C6A611D3FE9130004CD98 /* linen.jpg */; };
		780C6A981D3FE9130004CD98 /* materialtime.jpg in Resources */ = {isa = PBXBuildFile; fileRef = 780C6A621D3FE9130004CD98 /* materialtime.jpg */; };
		780C6A991D3FE9130004CD98 /* wordsearch.png in Resources */ = {isa = PBXBuildFile; fileRef = 780C6A631D3FE9130004CD98 /* wordsearch.png */; };
		780C6A9A1D3FE9130004CD98 /* page12.jpg in Resources */ = {isa = PBXBuildFile; fileRef = 780C6A641D3FE9130004CD98 /* page12.jpg */; };
		780C6A9B1D3FE9130004CD98 /* passwordIcon.png in Resources */ = {isa = PBXBuildFile; fileRef = 780C6A651D3FE9130004CD98 /* passwordIcon.png */; };
		780C6A9C1D3FE9130004CD98 /* plus.png in Resources */ = {isa = PBXBuildFile; fileRef = 780C6A661D3FE9130004CD98 /* plus.png */; };
		780C6A9D1D3FE9130004CD98 /* project.png in Resources */ = {isa = PBXBuildFile; fileRef = 780C6A671D3FE9130004CD98 /* project.png */; };
		780C6A9E1D3FE9130004CD98 /* project_icon_70x70.png in Resources */ = {isa = PBXBuildFile; fileRef = 780C6A681D3FE9130004CD98 /* project_icon_70x70.png */; };
		780C6A9F1D3FE9130004CD98 /* puzzle-icon_70x70.png in Resources */ = {isa = PBXBuildFile; fileRef = 780C6A691D3FE9130004CD98 /* puzzle-icon_70x70.png */; };
		780C6AA01D3FE9130004CD98 /* quiz.json in Resources */ = {isa = PBXBuildFile; fileRef = 780C6A6A1D3FE9130004CD98 /* quiz.json */; };
		780C6AA11D3FE9130004CD98 /* quiz_icon_70x70.png in Resources */ = {isa = PBXBuildFile; fileRef = 780C6A6B1D3FE9130004CD98 /* quiz_icon_70x70.png */; };
		780C6AA21D3FE9130004CD98 /* userIcon.png in Resources */ = {isa = PBXBuildFile; fileRef = 780C6A6C1D3FE9130004CD98 /* userIcon.png */; };
		780C6AA31D3FE9130004CD98 /* userIcon2.jpg in Resources */ = {isa = PBXBuildFile; fileRef = 780C6A6D1D3FE9130004CD98 /* userIcon2.jpg */; };
		780C6AA41D3FE9130004CD98 /* w.png in Resources */ = {isa = PBXBuildFile; fileRef = 780C6A6E1D3FE9130004CD98 /* w.png */; };
		780C6AA51D3FE9130004CD98 /* world-icon_70x70.png in Resources */ = {isa = PBXBuildFile; fileRef = 780C6A6F1D3FE9130004CD98 /* world-icon_70x70.png */; };
		780C6AA61D3FE9130004CD98 /* wrong.png in Resources */ = {isa = PBXBuildFile; fileRef = 780C6A701D3FE9130004CD98 /* wrong.png */; };
		780C6AA71D3FE9130004CD98 /* wrongSmall.png in Resources */ = {isa = PBXBuildFile; fileRef = 780C6A711D3FE9130004CD98 /* wrongSmall.png */; };
		780C6AA81D3FE9130004CD98 /* zoom-in.png in Resources */ = {isa = PBXBuildFile; fileRef = 780C6A721D3FE9130004CD98 /* zoom-in.png */; };
		780C6AA91D3FE9130004CD98 /* zoom-out.png in Resources */ = {isa = PBXBuildFile; fileRef = 780C6A731D3FE9130004CD98 /* zoom-out.png */; };
		780C6AAB1D3FFA950004CD98 /* siliconvalley.jpg in Resources */ = {isa = PBXBuildFile; fileRef = 780C6AAA1D3FFA950004CD98 /* siliconvalley.jpg */; };
		7816C75D1D317EBD005696ED /* Login.m in Sources */ = {isa = PBXBuildFile; fileRef = 7816C75C1D317EBD005696ED /* Login.m */; };
		7816C77A1D318752005696ED /* .gitignore in Resources */ = {isa = PBXBuildFile; fileRef = 7816C76F1D318752005696ED /* .gitignore */; };
		7816C77B1D318752005696ED /* AESCrypt.m in Sources */ = {isa = PBXBuildFile; fileRef = 7816C7711D318752005696ED /* AESCrypt.m */; };
		7816C77C1D318752005696ED /* LICENSE in Resources */ = {isa = PBXBuildFile; fileRef = 7816C7721D318752005696ED /* LICENSE */; };
		7816C77D1D318752005696ED /* NSData+Base64.m in Sources */ = {isa = PBXBuildFile; fileRef = 7816C7741D318752005696ED /* NSData+Base64.m */; };
		7816C77E1D318752005696ED /* NSData+CommonCrypto.m in Sources */ = {isa = PBXBuildFile; fileRef = 7816C7761D318752005696ED /* NSData+CommonCrypto.m */; };
		7816C77F1D318752005696ED /* NSString+Base64.m in Sources */ = {isa = PBXBuildFile; fileRef = 7816C7781D318752005696ED /* NSString+Base64.m */; };
		7816C7821D341DB8005696ED /* libpq.framework in Frameworks */ = {isa = PBXBuildFile; fileRef = 7816C7811D341DB8005696ED /* libpq.framework */; };
		781A8C101D3EDEAB00963931 /* City.swift in Sources */ = {isa = PBXBuildFile; fileRef = 781A8C0F1D3EDEAB00963931 /* City.swift */; };
		781A8C121D3EDEEC00963931 /* VCMapView.swift in Sources */ = {isa = PBXBuildFile; fileRef = 781A8C111D3EDEEC00963931 /* VCMapView.swift */; };
		781A8C141D3EDFEC00963931 /* Popover.framework in Frameworks */ = {isa = PBXBuildFile; fileRef = 781A8C131D3EDFEC00963931 /* Popover.framework */; };
		781A8C181D3EE08E00963931 /* ViewController.swift in Sources */ = {isa = PBXBuildFile; fileRef = 781A8C171D3EE08E00963931 /* ViewController.swift */; };
		781D77511D1CA8CC00D9417C /* Puzzle.m in Sources */ = {isa = PBXBuildFile; fileRef = 781D77501D1CA8CC00D9417C /* Puzzle.m */; };
		782592051D41700E00556A66 /* WebImage.framework in Frameworks */ = {isa = PBXBuildFile; fileRef = 782592041D41700E00556A66 /* WebImage.framework */; };
		784A316F1D248CA200AC8AB9 /* quiz.json in Resources */ = {isa = PBXBuildFile; fileRef = 784A316C1D248CA200AC8AB9 /* quiz.json */; };
		784A31841D26CE6700AC8AB9 /* Quiz.m in Sources */ = {isa = PBXBuildFile; fileRef = 784A31831D26CE6700AC8AB9 /* Quiz.m */; };
		784A31871D26E4D200AC8AB9 /* CircleProgressBar.m in Sources */ = {isa = PBXBuildFile; fileRef = 784A31861D26E4D200AC8AB9 /* CircleProgressBar.m */; };
		788D96C91D2C701300CFA895 /* Assets.bundle in Resources */ = {isa = PBXBuildFile; fileRef = 788D96C81D2C701300CFA895 /* Assets.bundle */; };
		78A9FBB31D1E15300055B029 /* PuzzleNavigation.m in Sources */ = {isa = PBXBuildFile; fileRef = 78A9FBB21D1E15300055B029 /* PuzzleNavigation.m */; };
		78A9FBE11D21DEF80055B029 /* ArticleViewing.m in Sources */ = {isa = PBXBuildFile; fileRef = 78A9FBE01D21DEF70055B029 /* ArticleViewing.m */; };
		78A9FBF41D233A9B0055B029 /* AroundTheWorld.m in Sources */ = {isa = PBXBuildFile; fileRef = 78A9FBF31D233A9B0055B029 /* AroundTheWorld.m */; };
		78D07FCE1D2EFBB90090D72B /* IGCMenu.m in Sources */ = {isa = PBXBuildFile; fileRef = 78D07FCD1D2EFBB90090D72B /* IGCMenu.m */; };
		78D40FF11D38402B004742A7 /* AsyncImageView.m in Sources */ = {isa = PBXBuildFile; fileRef = 78D40FF01D38402B004742A7 /* AsyncImageView.m */; };
		78E4D44A1D1B1CF100FAFC1C /* main.m in Sources */ = {isa = PBXBuildFile; fileRef = 78E4D4491D1B1CF100FAFC1C /* main.m */; };
		78E4D44D1D1B1CF200FAFC1C /* AppDelegate.m in Sources */ = {isa = PBXBuildFile; fileRef = 78E4D44C1D1B1CF200FAFC1C /* AppDelegate.m */; };
		78E4D4501D1B1CF200FAFC1C /* ViewController.m in Sources */ = {isa = PBXBuildFile; fileRef = 78E4D44F1D1B1CF200FAFC1C /* ViewController.m */; };
		78E4D4531D1B1CF200FAFC1C /* Main.storyboard in Resources */ = {isa = PBXBuildFile; fileRef = 78E4D4511D1B1CF200FAFC1C /* Main.storyboard */; };
		78E4D4551D1B1CF200FAFC1C /* Assets.xcassets in Resources */ = {isa = PBXBuildFile; fileRef = 78E4D4541D1B1CF200FAFC1C /* Assets.xcassets */; };
		78E4D4581D1B1CF200FAFC1C /* LaunchScreen.storyboard in Resources */ = {isa = PBXBuildFile; fileRef = 78E4D4561D1B1CF200FAFC1C /* LaunchScreen.storyboard */; };
		78E4D4611D1B2D9400FAFC1C /* YTPlayerView.m in Sources */ = {isa = PBXBuildFile; fileRef = 78E4D4601D1B2D9300FAFC1C /* YTPlayerView.m */; };
/* End PBXBuildFile section */

/* Begin PBXCopyFilesBuildPhase section */
		781A8C151D3EDFFE00963931 /* CopyFiles */ = {
			isa = PBXCopyFilesBuildPhase;
			buildActionMask = 2147483647;
			dstPath = "";
			dstSubfolderSpec = 7;
			files = (
			);
			runOnlyForDeploymentPostprocessing = 0;
		};
/* End PBXCopyFilesBuildPhase section */

/* Begin PBXFileReference section */
		780C6A3C1D3FE9120004CD98 /* 2025KidsLogo.jpg */ = {isa = PBXFileReference; lastKnownFileType = image.jpeg; path = 2025KidsLogo.jpg; sourceTree = "<group>"; };
		780C6A3D1D3FE9120004CD98 /* 2025KidsLogo.png */ = {isa = PBXFileReference; lastKnownFileType = image.png; path = 2025KidsLogo.png; sourceTree = "<group>"; };
		780C6A3E1D3FE9120004CD98 /* checkmark.png */ = {isa = PBXFileReference; lastKnownFileType = image.png; path = checkmark.png; sourceTree = "<group>"; };
		780C6A3F1D3FE9120004CD98 /* circleChevronDown.png */ = {isa = PBXFileReference; lastKnownFileType = image.png; path = circleChevronDown.png; sourceTree = "<group>"; };
		780C6A401D3FE9120004CD98 /* circleChevronUp.png */ = {isa = PBXFileReference; lastKnownFileType = image.png; path = circleChevronUp.png; sourceTree = "<group>"; };
		780C6A421D3FE9120004CD98 /* austin.jpg */ = {isa = PBXFileReference; lastKnownFileType = image.jpeg; path = austin.jpg; sourceTree = "<group>"; };
		780C6A431D3FE9120004CD98 /* bangalore.jpg */ = {isa = PBXFileReference; lastKnownFileType = image.jpeg; path = bangalore.jpg; sourceTree = "<group>"; };
		780C6A441D3FE9120004CD98 /* boston.jpg */ = {isa = PBXFileReference; lastKnownFileType = image.jpeg; path = boston.jpg; sourceTree = "<group>"; };
		780C6A451D3FE9120004CD98 /* dublin.jpg */ = {isa = PBXFileReference; lastKnownFileType = image.jpeg; path = dublin.jpg; sourceTree = "<group>"; };
		780C6A461D3FE9120004CD98 /* hongkong.jpg */ = {isa = PBXFileReference; lastKnownFileType = image.jpeg; path = hongkong.jpg; sourceTree = "<group>"; };
		780C6A471D3FE9120004CD98 /* london.jpg */ = {isa = PBXFileReference; lastKnownFileType = image.jpeg; path = london.jpg; sourceTree = "<group>"; };
		780C6A481D3FE9120004CD98 /* losangeles.jpg */ = {isa = PBXFileReference; lastKnownFileType = image.jpeg; path = losangeles.jpg; sourceTree = "<group>"; };
		780C6A491D3FE9120004CD98 /* newyorkcity.jpg */ = {isa = PBXFileReference; lastKnownFileType = image.jpeg; path = newyorkcity.jpg; sourceTree = "<group>"; };
		780C6A4A1D3FE9120004CD98 /* sanfrancisco.jpg */ = {isa = PBXFileReference; lastKnownFileType = image.jpeg; path = sanfrancisco.jpg; sourceTree = "<group>"; };
		780C6A4B1D3FE9120004CD98 /* seattle.jpg */ = {isa = PBXFileReference; lastKnownFileType = image.jpeg; path = seattle.jpg; sourceTree = "<group>"; };
		780C6A4C1D3FE9120004CD98 /* shenzhen.jpg */ = {isa = PBXFileReference; lastKnownFileType = image.jpeg; path = shenzhen.jpg; sourceTree = "<group>"; };
		780C6A4D1D3FE9120004CD98 /* telaviv.jpg */ = {isa = PBXFileReference; lastKnownFileType = image.jpeg; path = telaviv.jpg; sourceTree = "<group>"; };
		780C6A4E1D3FE9120004CD98 /* washingtondc.jpg */ = {isa = PBXFileReference; lastKnownFileType = image.jpeg; path = washingtondc.jpg; sourceTree = "<group>"; };
		780C6A4F1D3FE9120004CD98 /* cross2@3x.png */ = {isa = PBXFileReference; lastKnownFileType = image.png; path = "cross2@3x.png"; sourceTree = "<group>"; };
		780C6A501D3FE9120004CD98 /* globe.png */ = {isa = PBXFileReference; lastKnownFileType = image.png; path = globe.png; sourceTree = "<group>"; };
		780C6A511D3FE9120004CD98 /* keyEmpty.png */ = {isa = PBXFileReference; lastKnownFileType = image.png; path = keyEmpty.png; sourceTree = "<group>"; };
		780C6A521D3FE9130004CD98 /* keyFilled.png */ = {isa = PBXFileReference; lastKnownFileType = image.png; path = keyFilled.png; sourceTree = "<group>"; };
		780C6A531D3FE9130004CD98 /* news_icon_70x70.png */ = {isa = PBXFileReference; lastKnownFileType = image.png; path = news_icon_70x70.png; sourceTree = "<group>"; };
		780C6A541D3FE9130004CD98 /* newspaper.png */ = {isa = PBXFileReference; lastKnownFileType = image.png; path = newspaper.png; sourceTree = "<group>"; };
		780C6A551D3FE9130004CD98 /* newspapersmall.png */ = {isa = PBXFileReference; lastKnownFileType = image.png; path = newspapersmall.png; sourceTree = "<group>"; };
		780C6A571D3FE9130004CD98 /* aroundTheWorld.jpg */ = {isa = PBXFileReference; lastKnownFileType = image.jpeg; path = aroundTheWorld.jpg; sourceTree = "<group>"; };
		780C6A581D3FE9130004CD98 /* aroundtheworld1.jpg */ = {isa = PBXFileReference; lastKnownFileType = image.jpeg; path = aroundtheworld1.jpg; sourceTree = "<group>"; };
		780C6A591D3FE9130004CD98 /* aroundtheworld2.jpg */ = {isa = PBXFileReference; lastKnownFileType = image.jpeg; path = aroundtheworld2.jpg; sourceTree = "<group>"; };
		780C6A5A1D3FE9130004CD98 /* article1.jpg */ = {isa = PBXFileReference; lastKnownFileType = image.jpeg; path = article1.jpg; sourceTree = "<group>"; };
		780C6A5B1D3FE9130004CD98 /* article2.jpg */ = {isa = PBXFileReference; lastKnownFileType = image.jpeg; path = article2.jpg; sourceTree = "<group>"; };
		780C6A5C1D3FE9130004CD98 /* article3.jpg */ = {isa = PBXFileReference; lastKnownFileType = image.jpeg; path = article3.jpg; sourceTree = "<group>"; };
		780C6A5D1D3FE9130004CD98 /* article4.jpg */ = {isa = PBXFileReference; lastKnownFileType = image.jpeg; path = article4.jpg; sourceTree = "<group>"; };
		780C6A5E1D3FE9130004CD98 /* background.jpg */ = {isa = PBXFileReference; lastKnownFileType = image.jpeg; path = background.jpg; sourceTree = "<group>"; };
		780C6A5F1D3FE9130004CD98 /* cipher.jpg */ = {isa = PBXFileReference; lastKnownFileType = image.jpeg; path = cipher.jpg; sourceTree = "<group>"; };
		780C6A601D3FE9130004CD98 /* fillintheblank.jpg */ = {isa = PBXFileReference; lastKnownFileType = image.jpeg; path = fillintheblank.jpg; sourceTree = "<group>"; };
		780C6A611D3FE9130004CD98 /* linen.jpg */ = {isa = PBXFileReference; lastKnownFileType = image.jpeg; path = linen.jpg; sourceTree = "<group>"; };
		780C6A621D3FE9130004CD98 /* materialtime.jpg */ = {isa = PBXFileReference; lastKnownFileType = image.jpeg; path = materialtime.jpg; sourceTree = "<group>"; };
		780C6A631D3FE9130004CD98 /* wordsearch.png */ = {isa = PBXFileReference; lastKnownFileType = image.png; path = wordsearch.png; sourceTree = "<group>"; };
		780C6A641D3FE9130004CD98 /* page12.jpg */ = {isa = PBXFileReference; lastKnownFileType = image.jpeg; path = page12.jpg; sourceTree = "<group>"; };
		780C6A651D3FE9130004CD98 /* passwordIcon.png */ = {isa = PBXFileReference; lastKnownFileType = image.png; path = passwordIcon.png; sourceTree = "<group>"; };
		780C6A661D3FE9130004CD98 /* plus.png */ = {isa = PBXFileReference; lastKnownFileType = image.png; path = plus.png; sourceTree = "<group>"; };
		780C6A671D3FE9130004CD98 /* project.png */ = {isa = PBXFileReference; lastKnownFileType = image.png; path = project.png; sourceTree = "<group>"; };
		780C6A681D3FE9130004CD98 /* project_icon_70x70.png */ = {isa = PBXFileReference; lastKnownFileType = image.png; path = project_icon_70x70.png; sourceTree = "<group>"; };
		780C6A691D3FE9130004CD98 /* puzzle-icon_70x70.png */ = {isa = PBXFileReference; lastKnownFileType = image.png; path = "puzzle-icon_70x70.png"; sourceTree = "<group>"; };
		780C6A6A1D3FE9130004CD98 /* quiz.json */ = {isa = PBXFileReference; fileEncoding = 4; lastKnownFileType = text.json; path = quiz.json; sourceTree = "<group>"; };
		780C6A6B1D3FE9130004CD98 /* quiz_icon_70x70.png */ = {isa = PBXFileReference; lastKnownFileType = image.png; path = quiz_icon_70x70.png; sourceTree = "<group>"; };
		780C6A6C1D3FE9130004CD98 /* userIcon.png */ = {isa = PBXFileReference; lastKnownFileType = image.png; path = userIcon.png; sourceTree = "<group>"; };
		780C6A6D1D3FE9130004CD98 /* userIcon2.jpg */ = {isa = PBXFileReference; lastKnownFileType = image.jpeg; path = userIcon2.jpg; sourceTree = "<group>"; };
		780C6A6E1D3FE9130004CD98 /* w.png */ = {isa = PBXFileReference; lastKnownFileType = image.png; path = w.png; sourceTree = "<group>"; };
		780C6A6F1D3FE9130004CD98 /* world-icon_70x70.png */ = {isa = PBXFileReference; lastKnownFileType = image.png; path = "world-icon_70x70.png"; sourceTree = "<group>"; };
		780C6A701D3FE9130004CD98 /* wrong.png */ = {isa = PBXFileReference; lastKnownFileType = image.png; path = wrong.png; sourceTree = "<group>"; };
		780C6A711D3FE9130004CD98 /* wrongSmall.png */ = {isa = PBXFileReference; lastKnownFileType = image.png; path = wrongSmall.png; sourceTree = "<group>"; };
		780C6A721D3FE9130004CD98 /* zoom-in.png */ = {isa = PBXFileReference; lastKnownFileType = image.png; path = "zoom-in.png"; sourceTree = "<group>"; };
		780C6A731D3FE9130004CD98 /* zoom-out.png */ = {isa = PBXFileReference; lastKnownFileType = image.png; path = "zoom-out.png"; sourceTree = "<group>"; };
		780C6AAA1D3FFA950004CD98 /* siliconvalley.jpg */ = {isa = PBXFileReference; lastKnownFileType = image.jpeg; path = siliconvalley.jpg; sourceTree = "<group>"; };
		7816C75B1D317EBD005696ED /* Login.h */ = {isa = PBXFileReference; fileEncoding = 4; lastKnownFileType = sourcecode.c.h; name = Login.h; path = ../Login.h; sourceTree = "<group>"; };
		7816C75C1D317EBD005696ED /* Login.m */ = {isa = PBXFileReference; fileEncoding = 4; lastKnownFileType = sourcecode.c.objc; name = Login.m; path = ../Login.m; sourceTree = "<group>"; };
		7816C76F1D318752005696ED /* .gitignore */ = {isa = PBXFileReference; fileEncoding = 4; lastKnownFileType = text; path = .gitignore; sourceTree = "<group>"; };
		7816C7701D318752005696ED /* AESCrypt.h */ = {isa = PBXFileReference; fileEncoding = 4; lastKnownFileType = sourcecode.c.h; path = AESCrypt.h; sourceTree = "<group>"; };
		7816C7711D318752005696ED /* AESCrypt.m */ = {isa = PBXFileReference; fileEncoding = 4; lastKnownFileType = sourcecode.c.objc; path = AESCrypt.m; sourceTree = "<group>"; };
		7816C7721D318752005696ED /* LICENSE */ = {isa = PBXFileReference; fileEncoding = 4; lastKnownFileType = text; path = LICENSE; sourceTree = "<group>"; };
		7816C7731D318752005696ED /* NSData+Base64.h */ = {isa = PBXFileReference; fileEncoding = 4; lastKnownFileType = sourcecode.c.h; path = "NSData+Base64.h"; sourceTree = "<group>"; };
		7816C7741D318752005696ED /* NSData+Base64.m */ = {isa = PBXFileReference; fileEncoding = 4; lastKnownFileType = sourcecode.c.objc; path = "NSData+Base64.m"; sourceTree = "<group>"; };
		7816C7751D318752005696ED /* NSData+CommonCrypto.h */ = {isa = PBXFileReference; fileEncoding = 4; lastKnownFileType = sourcecode.c.h; path = "NSData+CommonCrypto.h"; sourceTree = "<group>"; };
		7816C7761D318752005696ED /* NSData+CommonCrypto.m */ = {isa = PBXFileReference; fileEncoding = 4; lastKnownFileType = sourcecode.c.objc; path = "NSData+CommonCrypto.m"; sourceTree = "<group>"; };
		7816C7771D318752005696ED /* NSString+Base64.h */ = {isa = PBXFileReference; fileEncoding = 4; lastKnownFileType = sourcecode.c.h; path = "NSString+Base64.h"; sourceTree = "<group>"; };
		7816C7781D318752005696ED /* NSString+Base64.m */ = {isa = PBXFileReference; fileEncoding = 4; lastKnownFileType = sourcecode.c.objc; path = "NSString+Base64.m"; sourceTree = "<group>"; };
		7816C7791D318752005696ED /* README.md */ = {isa = PBXFileReference; fileEncoding = 4; lastKnownFileType = net.daringfireball.markdown; path = README.md; sourceTree = "<group>"; };
		7816C7811D341DB8005696ED /* libpq.framework */ = {isa = PBXFileReference; lastKnownFileType = wrapper.framework; path = libpq.framework; sourceTree = "<group>"; };
		781A8C0E1D3EDEAB00963931 /* Magazine-Bridging-Header.h */ = {isa = PBXFileReference; lastKnownFileType = sourcecode.c.h; path = "Magazine-Bridging-Header.h"; sourceTree = "<group>"; };
		781A8C0F1D3EDEAB00963931 /* City.swift */ = {isa = PBXFileReference; fileEncoding = 4; lastKnownFileType = sourcecode.swift; path = City.swift; sourceTree = "<group>"; };
		781A8C111D3EDEEC00963931 /* VCMapView.swift */ = {isa = PBXFileReference; fileEncoding = 4; lastKnownFileType = sourcecode.swift; path = VCMapView.swift; sourceTree = "<group>"; };
		781A8C131D3EDFEC00963931 /* Popover.framework */ = {isa = PBXFileReference; lastKnownFileType = wrapper.framework; name = Popover.framework; path = Carthage/Build/iOS/Popover.framework; sourceTree = "<group>"; };
		781A8C171D3EE08E00963931 /* ViewController.swift */ = {isa = PBXFileReference; fileEncoding = 4; lastKnownFileType = sourcecode.swift; path = ViewController.swift; sourceTree = "<group>"; };
		781D774F1D1CA8CC00D9417C /* Puzzle.h */ = {isa = PBXFileReference; fileEncoding = 4; lastKnownFileType = sourcecode.c.h; path = Puzzle.h; sourceTree = "<group>"; };
		781D77501D1CA8CC00D9417C /* Puzzle.m */ = {isa = PBXFileReference; fileEncoding = 4; lastKnownFileType = sourcecode.c.objc; path = Puzzle.m; sourceTree = "<group>"; };
		782592041D41700E00556A66 /* WebImage.framework */ = {isa = PBXFileReference; lastKnownFileType = wrapper.framework; name = WebImage.framework; path = Carthage/Build/iOS/WebImage.framework; sourceTree = "<group>"; };
		784A316C1D248CA200AC8AB9 /* quiz.json */ = {isa = PBXFileReference; fileEncoding = 4; lastKnownFileType = text.json; name = quiz.json; path = /Users/mbpro/Desktop/Quiz/Quiz/../../../Downloads/quiz.json; sourceTree = "<absolute>"; };
		784A31821D26CE6700AC8AB9 /* Quiz.h */ = {isa = PBXFileReference; fileEncoding = 4; lastKnownFileType = sourcecode.c.h; path = Quiz.h; sourceTree = "<group>"; };
		784A31831D26CE6700AC8AB9 /* Quiz.m */ = {isa = PBXFileReference; fileEncoding = 4; lastKnownFileType = sourcecode.c.objc; path = Quiz.m; sourceTree = "<group>"; };
		784A31851D26E4D200AC8AB9 /* CircleProgressBar.h */ = {isa = PBXFileReference; fileEncoding = 4; lastKnownFileType = sourcecode.c.h; path = CircleProgressBar.h; sourceTree = "<group>"; };
		784A31861D26E4D200AC8AB9 /* CircleProgressBar.m */ = {isa = PBXFileReference; fileEncoding = 4; lastKnownFileType = sourcecode.c.objc; path = CircleProgressBar.m; sourceTree = "<group>"; };
		788D96C81D2C701300CFA895 /* Assets.bundle */ = {isa = PBXFileReference; lastKnownFileType = "wrapper.plug-in"; path = Assets.bundle; sourceTree = "<group>"; };
		78A9FBB11D1E15300055B029 /* PuzzleNavigation.h */ = {isa = PBXFileReference; fileEncoding = 4; lastKnownFileType = sourcecode.c.h; path = PuzzleNavigation.h; sourceTree = "<group>"; };
		78A9FBB21D1E15300055B029 /* PuzzleNavigation.m */ = {isa = PBXFileReference; fileEncoding = 4; lastKnownFileType = sourcecode.c.objc; path = PuzzleNavigation.m; sourceTree = "<group>"; };
		78A9FBDF1D21DEF70055B029 /* ArticleViewing.h */ = {isa = PBXFileReference; fileEncoding = 4; lastKnownFileType = sourcecode.c.h; path = ArticleViewing.h; sourceTree = "<group>"; };
		78A9FBE01D21DEF70055B029 /* ArticleViewing.m */ = {isa = PBXFileReference; fileEncoding = 4; lastKnownFileType = sourcecode.c.objc; path = ArticleViewing.m; sourceTree = "<group>"; };
		78A9FBF21D233A9B0055B029 /* AroundTheWorld.h */ = {isa = PBXFileReference; fileEncoding = 4; lastKnownFileType = sourcecode.c.h; name = AroundTheWorld.h; path = ../AroundTheWorld.h; sourceTree = "<group>"; };
		78A9FBF31D233A9B0055B029 /* AroundTheWorld.m */ = {isa = PBXFileReference; fileEncoding = 4; lastKnownFileType = sourcecode.c.objc; name = AroundTheWorld.m; path = ../AroundTheWorld.m; sourceTree = "<group>"; };
		78D07FCC1D2EFBB90090D72B /* IGCMenu.h */ = {isa = PBXFileReference; fileEncoding = 4; lastKnownFileType = sourcecode.c.h; path = IGCMenu.h; sourceTree = "<group>"; };
		78D07FCD1D2EFBB90090D72B /* IGCMenu.m */ = {isa = PBXFileReference; fileEncoding = 4; lastKnownFileType = sourcecode.c.objc; path = IGCMenu.m; sourceTree = "<group>"; };
		78D40FEF1D38402B004742A7 /* AsyncImageView.h */ = {isa = PBXFileReference; fileEncoding = 4; lastKnownFileType = sourcecode.c.h; path = AsyncImageView.h; sourceTree = "<group>"; };
		78D40FF01D38402B004742A7 /* AsyncImageView.m */ = {isa = PBXFileReference; fileEncoding = 4; lastKnownFileType = sourcecode.c.objc; path = AsyncImageView.m; sourceTree = "<group>"; };
		78E4D4451D1B1CF100FAFC1C /* Magazine.app */ = {isa = PBXFileReference; explicitFileType = wrapper.application; includeInIndex = 0; path = Magazine.app; sourceTree = BUILT_PRODUCTS_DIR; };
		78E4D4491D1B1CF100FAFC1C /* main.m */ = {isa = PBXFileReference; lastKnownFileType = sourcecode.c.objc; path = main.m; sourceTree = "<group>"; };
		78E4D44B1D1B1CF200FAFC1C /* AppDelegate.h */ = {isa = PBXFileReference; lastKnownFileType = sourcecode.c.h; path = AppDelegate.h; sourceTree = "<group>"; };
		78E4D44C1D1B1CF200FAFC1C /* AppDelegate.m */ = {isa = PBXFileReference; lastKnownFileType = sourcecode.c.objc; path = AppDelegate.m; sourceTree = "<group>"; };
		78E4D44E1D1B1CF200FAFC1C /* ViewController.h */ = {isa = PBXFileReference; lastKnownFileType = sourcecode.c.h; path = ViewController.h; sourceTree = "<group>"; };
		78E4D44F1D1B1CF200FAFC1C /* ViewController.m */ = {isa = PBXFileReference; lastKnownFileType = sourcecode.c.objc; path = ViewController.m; sourceTree = "<group>"; };
		78E4D4521D1B1CF200FAFC1C /* Base */ = {isa = PBXFileReference; lastKnownFileType = file.storyboard; name = Base; path = Base.lproj/Main.storyboard; sourceTree = "<group>"; };
		78E4D4541D1B1CF200FAFC1C /* Assets.xcassets */ = {isa = PBXFileReference; lastKnownFileType = folder.assetcatalog; path = Assets.xcassets; sourceTree = "<group>"; };
		78E4D4571D1B1CF200FAFC1C /* Base */ = {isa = PBXFileReference; lastKnownFileType = file.storyboard; name = Base; path = Base.lproj/LaunchScreen.storyboard; sourceTree = "<group>"; };
		78E4D4591D1B1CF200FAFC1C /* Info.plist */ = {isa = PBXFileReference; lastKnownFileType = text.plist.xml; path = Info.plist; sourceTree = "<group>"; };
		78E4D45F1D1B2D9300FAFC1C /* YTPlayerView.h */ = {isa = PBXFileReference; fileEncoding = 4; lastKnownFileType = sourcecode.c.h; name = YTPlayerView.h; path = "../../Magazine copy/Magazine/Magazine/YTPlayerView.h"; sourceTree = "<group>"; };
		78E4D4601D1B2D9300FAFC1C /* YTPlayerView.m */ = {isa = PBXFileReference; fileEncoding = 4; lastKnownFileType = sourcecode.c.objc; name = YTPlayerView.m; path = "../../Magazine copy/Magazine/Magazine/YTPlayerView.m"; sourceTree = "<group>"; };
/* End PBXFileReference section */

/* Begin PBXFrameworksBuildPhase section */
		78E4D4421D1B1CF100FAFC1C /* Frameworks */ = {
			isa = PBXFrameworksBuildPhase;
			buildActionMask = 2147483647;
			files = (
				7816C7821D341DB8005696ED /* libpq.framework in Frameworks */,
				781A8C141D3EDFEC00963931 /* Popover.framework in Frameworks */,
				782592051D41700E00556A66 /* WebImage.framework in Frameworks */,
			);
			runOnlyForDeploymentPostprocessing = 0;
		};
/* End PBXFrameworksBuildPhase section */

/* Begin PBXGroup section */
		780C6A3B1D3FE9120004CD98 /* images */ = {
			isa = PBXGroup;
			children = (
				780C6A411D3FE9120004CD98 /* cities */,
				780C6A3C1D3FE9120004CD98 /* 2025KidsLogo.jpg */,
				780C6A3D1D3FE9120004CD98 /* 2025KidsLogo.png */,
				780C6A3E1D3FE9120004CD98 /* checkmark.png */,
				780C6A3F1D3FE9120004CD98 /* circleChevronDown.png */,
				780C6A401D3FE9120004CD98 /* circleChevronUp.png */,
				780C6A4F1D3FE9120004CD98 /* cross2@3x.png */,
				780C6A501D3FE9120004CD98 /* globe.png */,
				780C6A511D3FE9120004CD98 /* keyEmpty.png */,
				780C6A521D3FE9130004CD98 /* keyFilled.png */,
				780C6A531D3FE9130004CD98 /* news_icon_70x70.png */,
				780C6A541D3FE9130004CD98 /* newspaper.png */,
				780C6A551D3FE9130004CD98 /* newspapersmall.png */,
				780C6A641D3FE9130004CD98 /* page12.jpg */,
				780C6A651D3FE9130004CD98 /* passwordIcon.png */,
				780C6A661D3FE9130004CD98 /* plus.png */,
				780C6A671D3FE9130004CD98 /* project.png */,
				780C6A681D3FE9130004CD98 /* project_icon_70x70.png */,
				780C6A691D3FE9130004CD98 /* puzzle-icon_70x70.png */,
				780C6A6A1D3FE9130004CD98 /* quiz.json */,
				780C6A6B1D3FE9130004CD98 /* quiz_icon_70x70.png */,
				780C6A6C1D3FE9130004CD98 /* userIcon.png */,
				780C6A6D1D3FE9130004CD98 /* userIcon2.jpg */,
				780C6A6E1D3FE9130004CD98 /* w.png */,
				780C6A6F1D3FE9130004CD98 /* world-icon_70x70.png */,
				780C6A701D3FE9130004CD98 /* wrong.png */,
				780C6A711D3FE9130004CD98 /* wrongSmall.png */,
				780C6A721D3FE9130004CD98 /* zoom-in.png */,
				780C6A731D3FE9130004CD98 /* zoom-out.png */,
				780C6A561D3FE9130004CD98 /* OldResources */,
			);
			path = images;
			sourceTree = "<group>";
		};
		780C6A411D3FE9120004CD98 /* cities */ = {
			isa = PBXGroup;
			children = (
				780C6A421D3FE9120004CD98 /* austin.jpg */,
				780C6A431D3FE9120004CD98 /* bangalore.jpg */,
				780C6A441D3FE9120004CD98 /* boston.jpg */,
				780C6AAA1D3FFA950004CD98 /* siliconvalley.jpg */,
				780C6A451D3FE9120004CD98 /* dublin.jpg */,
				780C6A461D3FE9120004CD98 /* hongkong.jpg */,
				780C6A471D3FE9120004CD98 /* london.jpg */,
				780C6A481D3FE9120004CD98 /* losangeles.jpg */,
				780C6A491D3FE9120004CD98 /* newyorkcity.jpg */,
				780C6A4A1D3FE9120004CD98 /* sanfrancisco.jpg */,
				780C6A4B1D3FE9120004CD98 /* seattle.jpg */,
				780C6A4C1D3FE9120004CD98 /* shenzhen.jpg */,
				780C6A4D1D3FE9120004CD98 /* telaviv.jpg */,
				780C6A4E1D3FE9120004CD98 /* washingtondc.jpg */,
			);
			path = cities;
			sourceTree = "<group>";
		};
		780C6A561D3FE9130004CD98 /* OldResources */ = {
			isa = PBXGroup;
			children = (
				780C6A571D3FE9130004CD98 /* aroundTheWorld.jpg */,
				780C6A581D3FE9130004CD98 /* aroundtheworld1.jpg */,
				780C6A591D3FE9130004CD98 /* aroundtheworld2.jpg */,
				780C6A5A1D3FE9130004CD98 /* article1.jpg */,
				780C6A5B1D3FE9130004CD98 /* article2.jpg */,
				780C6A5C1D3FE9130004CD98 /* article3.jpg */,
				780C6A5D1D3FE9130004CD98 /* article4.jpg */,
				780C6A5E1D3FE9130004CD98 /* background.jpg */,
				780C6A5F1D3FE9130004CD98 /* cipher.jpg */,
				780C6A601D3FE9130004CD98 /* fillintheblank.jpg */,
				780C6A611D3FE9130004CD98 /* linen.jpg */,
				780C6A621D3FE9130004CD98 /* materialtime.jpg */,
				780C6A631D3FE9130004CD98 /* wordsearch.png */,
			);
			path = OldResources;
			sourceTree = "<group>";
		};
		7816C76E1D318752005696ED /* AESCrypt-ObjC-master */ = {
			isa = PBXGroup;
			children = (
				7816C76F1D318752005696ED /* .gitignore */,
				7816C7701D318752005696ED /* AESCrypt.h */,
				7816C7711D318752005696ED /* AESCrypt.m */,
				7816C7721D318752005696ED /* LICENSE */,
				7816C7731D318752005696ED /* NSData+Base64.h */,
				7816C7741D318752005696ED /* NSData+Base64.m */,
				7816C7751D318752005696ED /* NSData+CommonCrypto.h */,
				7816C7761D318752005696ED /* NSData+CommonCrypto.m */,
				7816C7771D318752005696ED /* NSString+Base64.h */,
				7816C7781D318752005696ED /* NSString+Base64.m */,
				7816C7791D318752005696ED /* README.md */,
			);
			path = "AESCrypt-ObjC-master";
			sourceTree = "<group>";
		};
		78D07FCB1D2EFBB90090D72B /* IGCMenu */ = {
			isa = PBXGroup;
			children = (
				78D07FCC1D2EFBB90090D72B /* IGCMenu.h */,
				78D07FCD1D2EFBB90090D72B /* IGCMenu.m */,
			);
			path = IGCMenu;
			sourceTree = "<group>";
		};
		78D40FEE1D38402B004742A7 /* AsyncImageView */ = {
			isa = PBXGroup;
			children = (
				78D40FEF1D38402B004742A7 /* AsyncImageView.h */,
				78D40FF01D38402B004742A7 /* AsyncImageView.m */,
			);
			path = AsyncImageView;
			sourceTree = "<group>";
		};
		78E4D43C1D1B1CF000FAFC1C = {
			isa = PBXGroup;
			children = (
				782592041D41700E00556A66 /* WebImage.framework */,
				781A8C131D3EDFEC00963931 /* Popover.framework */,
				78E4D4471D1B1CF100FAFC1C /* Magazine */,
				78E4D4461D1B1CF100FAFC1C /* Products */,
			);
			sourceTree = "<group>";
		};
		78E4D4461D1B1CF100FAFC1C /* Products */ = {
			isa = PBXGroup;
			children = (
				78E4D4451D1B1CF100FAFC1C /* Magazine.app */,
			);
			name = Products;
			sourceTree = "<group>";
		};
		78E4D4471D1B1CF100FAFC1C /* Magazine */ = {
			isa = PBXGroup;
			children = (
				788D96C81D2C701300CFA895 /* Assets.bundle */,
				78D07FCB1D2EFBB90090D72B /* IGCMenu */,
				784A31851D26E4D200AC8AB9 /* CircleProgressBar.h */,
				78D40FEE1D38402B004742A7 /* AsyncImageView */,
				7816C76E1D318752005696ED /* AESCrypt-ObjC-master */,
				780C6A3B1D3FE9120004CD98 /* images */,
				7816C7811D341DB8005696ED /* libpq.framework */,
				7816C75B1D317EBD005696ED /* Login.h */,
				78E4D45F1D1B2D9300FAFC1C /* YTPlayerView.h */,
				7816C75C1D317EBD005696ED /* Login.m */,
				784A31861D26E4D200AC8AB9 /* CircleProgressBar.m */,
				784A316C1D248CA200AC8AB9 /* quiz.json */,
				78E4D4601D1B2D9300FAFC1C /* YTPlayerView.m */,
				784A31821D26CE6700AC8AB9 /* Quiz.h */,
				784A31831D26CE6700AC8AB9 /* Quiz.m */,
				78E4D44B1D1B1CF200FAFC1C /* AppDelegate.h */,
				78E4D44C1D1B1CF200FAFC1C /* AppDelegate.m */,
				78A9FBF21D233A9B0055B029 /* AroundTheWorld.h */,
				78A9FBF31D233A9B0055B029 /* AroundTheWorld.m */,
				78E4D44E1D1B1CF200FAFC1C /* ViewController.h */,
				78E4D44F1D1B1CF200FAFC1C /* ViewController.m */,
				78E4D4511D1B1CF200FAFC1C /* Main.storyboard */,
				781A8C0F1D3EDEAB00963931 /* City.swift */,
				781A8C111D3EDEEC00963931 /* VCMapView.swift */,
				781A8C171D3EE08E00963931 /* ViewController.swift */,
				78A9FBDF1D21DEF70055B029 /* ArticleViewing.h */,
				78A9FBE01D21DEF70055B029 /* ArticleViewing.m */,
				78A9FBB11D1E15300055B029 /* PuzzleNavigation.h */,
				78A9FBB21D1E15300055B029 /* PuzzleNavigation.m */,
				781D774F1D1CA8CC00D9417C /* Puzzle.h */,
				781D77501D1CA8CC00D9417C /* Puzzle.m */,
				78E4D4541D1B1CF200FAFC1C /* Assets.xcassets */,
				78E4D4561D1B1CF200FAFC1C /* LaunchScreen.storyboard */,
				78E4D4591D1B1CF200FAFC1C /* Info.plist */,
				78E4D4481D1B1CF100FAFC1C /* Supporting Files */,
				781A8C0E1D3EDEAB00963931 /* Magazine-Bridging-Header.h */,
			);
			path = Magazine;
			sourceTree = "<group>";
		};
		78E4D4481D1B1CF100FAFC1C /* Supporting Files */ = {
			isa = PBXGroup;
			children = (
				78E4D4491D1B1CF100FAFC1C /* main.m */,
			);
			name = "Supporting Files";
			sourceTree = "<group>";
		};
/* End PBXGroup section */

/* Begin PBXNativeTarget section */
		78E4D4441D1B1CF100FAFC1C /* Magazine */ = {
			isa = PBXNativeTarget;
			buildConfigurationList = 78E4D45C1D1B1CF200FAFC1C /* Build configuration list for PBXNativeTarget "Magazine" */;
			buildPhases = (
				78E4D4411D1B1CF100FAFC1C /* Sources */,
				78E4D4421D1B1CF100FAFC1C /* Frameworks */,
				78E4D4431D1B1CF100FAFC1C /* Resources */,
				781A8C151D3EDFFE00963931 /* CopyFiles */,
				781A8C161D3EE00500963931 /* ShellScript */,
			);
			buildRules = (
			);
			dependencies = (
			);
			name = Magazine;
			productName = Magazine;
			productReference = 78E4D4451D1B1CF100FAFC1C /* Magazine.app */;
			productType = "com.apple.product-type.application";
		};
/* End PBXNativeTarget section */

/* Begin PBXProject section */
		78E4D43D1D1B1CF100FAFC1C /* Project object */ = {
			isa = PBXProject;
			attributes = {
				LastUpgradeCheck = 0730;
				ORGANIZATIONNAME = MBPro;
				TargetAttributes = {
					78E4D4441D1B1CF100FAFC1C = {
						CreatedOnToolsVersion = 7.3.1;
					};
				};
			};
			buildConfigurationList = 78E4D4401D1B1CF100FAFC1C /* Build configuration list for PBXProject "Magazine" */;
			compatibilityVersion = "Xcode 3.2";
			developmentRegion = English;
			hasScannedForEncodings = 0;
			knownRegions = (
				en,
				Base,
			);
			mainGroup = 78E4D43C1D1B1CF000FAFC1C;
			productRefGroup = 78E4D4461D1B1CF100FAFC1C /* Products */;
			projectDirPath = "";
			projectRoot = "";
			targets = (
				78E4D4441D1B1CF100FAFC1C /* Magazine */,
			);
		};
/* End PBXProject section */

/* Begin PBXResourcesBuildPhase section */
		78E4D4431D1B1CF100FAFC1C /* Resources */ = {
			isa = PBXResourcesBuildPhase;
			buildActionMask = 2147483647;
			files = (
				788D96C91D2C701300CFA895 /* Assets.bundle in Resources */,
				780C6A771D3FE9130004CD98 /* circleChevronDown.png in Resources */,
				780C6A921D3FE9130004CD98 /* article3.jpg in Resources */,
				780C6A7F1D3FE9130004CD98 /* losangeles.jpg in Resources */,
				780C6A8B1D3FE9130004CD98 /* newspaper.png in Resources */,
				780C6A9A1D3FE9130004CD98 /* page12.jpg in Resources */,
				780C6A861D3FE9130004CD98 /* cross2@3x.png in Resources */,
				780C6A8A1D3FE9130004CD98 /* news_icon_70x70.png in Resources */,
				780C6A931D3FE9130004CD98 /* article4.jpg in Resources */,
				780C6A761D3FE9130004CD98 /* checkmark.png in Resources */,
				780C6AA01D3FE9130004CD98 /* quiz.json in Resources */,
				7816C77C1D318752005696ED /* LICENSE in Resources */,
				780C6A841D3FE9130004CD98 /* telaviv.jpg in Resources */,
				780C6A9F1D3FE9130004CD98 /* puzzle-icon_70x70.png in Resources */,
				78E4D4581D1B1CF200FAFC1C /* LaunchScreen.storyboard in Resources */,
				780C6A791D3FE9130004CD98 /* austin.jpg in Resources */,
				7816C77A1D318752005696ED /* .gitignore in Resources */,
				780C6AA61D3FE9130004CD98 /* wrong.png in Resources */,
				780C6A7D1D3FE9130004CD98 /* hongkong.jpg in Resources */,
				780C6A881D3FE9130004CD98 /* keyEmpty.png in Resources */,
				780C6AAB1D3FFA950004CD98 /* siliconvalley.jpg in Resources */,
				780C6A7C1D3FE9130004CD98 /* dublin.jpg in Resources */,
				780C6AA71D3FE9130004CD98 /* wrongSmall.png in Resources */,
				780C6A871D3FE9130004CD98 /* globe.png in Resources */,
				780C6A8F1D3FE9130004CD98 /* aroundtheworld2.jpg in Resources */,
				780C6A751D3FE9130004CD98 /* 2025KidsLogo.png in Resources */,
				780C6A741D3FE9130004CD98 /* 2025KidsLogo.jpg in Resources */,
				780C6A9B1D3FE9130004CD98 /* passwordIcon.png in Resources */,
				780C6A971D3FE9130004CD98 /* linen.jpg in Resources */,
				780C6A941D3FE9130004CD98 /* background.jpg in Resources */,
				780C6A821D3FE9130004CD98 /* seattle.jpg in Resources */,
				780C6A8D1D3FE9130004CD98 /* aroundTheWorld.jpg in Resources */,
				780C6A9D1D3FE9130004CD98 /* project.png in Resources */,
				780C6A981D3FE9130004CD98 /* materialtime.jpg in Resources */,
				780C6A8C1D3FE9130004CD98 /* newspapersmall.png in Resources */,
				780C6A7A1D3FE9130004CD98 /* bangalore.jpg in Resources */,
				780C6AA81D3FE9130004CD98 /* zoom-in.png in Resources */,
				780C6AA21D3FE9130004CD98 /* userIcon.png in Resources */,
				78E4D4551D1B1CF200FAFC1C /* Assets.xcassets in Resources */,
				780C6A7E1D3FE9130004CD98 /* london.jpg in Resources */,
				780C6A831D3FE9130004CD98 /* shenzhen.jpg in Resources */,
				780C6A8E1D3FE9130004CD98 /* aroundtheworld1.jpg in Resources */,
				780C6A851D3FE9130004CD98 /* washingtondc.jpg in Resources */,
				780C6AA31D3FE9130004CD98 /* userIcon2.jpg in Resources */,
				780C6A901D3FE9130004CD98 /* article1.jpg in Resources */,
				780C6A9E1D3FE9130004CD98 /* project_icon_70x70.png in Resources */,
				780C6AA11D3FE9130004CD98 /* quiz_icon_70x70.png in Resources */,
				780C6A811D3FE9130004CD98 /* sanfrancisco.jpg in Resources */,
				784A316F1D248CA200AC8AB9 /* quiz.json in Resources */,
				780C6A951D3FE9130004CD98 /* cipher.jpg in Resources */,
				780C6A911D3FE9130004CD98 /* article2.jpg in Resources */,
				780C6A991D3FE9130004CD98 /* wordsearch.png in Resources */,
				780C6AA91D3FE9130004CD98 /* zoom-out.png in Resources */,
				780C6A891D3FE9130004CD98 /* keyFilled.png in Resources */,
				780C6A781D3FE9130004CD98 /* circleChevronUp.png in Resources */,
				780C6A961D3FE9130004CD98 /* fillintheblank.jpg in Resources */,
				78E4D4531D1B1CF200FAFC1C /* Main.storyboard in Resources */,
				780C6A801D3FE9130004CD98 /* newyorkcity.jpg in Resources */,
				780C6A7B1D3FE9130004CD98 /* boston.jpg in Resources */,
				780C6A9C1D3FE9130004CD98 /* plus.png in Resources */,
				780C6AA41D3FE9130004CD98 /* w.png in Resources */,
				780C6AA51D3FE9130004CD98 /* world-icon_70x70.png in Resources */,
			);
			runOnlyForDeploymentPostprocessing = 0;
		};
/* End PBXResourcesBuildPhase section */

/* Begin PBXShellScriptBuildPhase section */
		781A8C161D3EE00500963931 /* ShellScript */ = {
			isa = PBXShellScriptBuildPhase;
			buildActionMask = 2147483647;
			files = (
			);
			inputPaths = (
				"$(SRCROOT)/Carthage/Build/iOS/Popover.framework",
				"$(SRCROOT)/Carthage/Build/iOS/WebImage.framework",
			);
			outputPaths = (
			);
			runOnlyForDeploymentPostprocessing = 0;
			shellPath = /bin/sh;
			shellScript = "/usr/local/bin/carthage copy-frameworks";
		};
/* End PBXShellScriptBuildPhase section */

/* Begin PBXSourcesBuildPhase section */
		78E4D4411D1B1CF100FAFC1C /* Sources */ = {
			isa = PBXSourcesBuildPhase;
			buildActionMask = 2147483647;
			files = (
				7816C77E1D318752005696ED /* NSData+CommonCrypto.m in Sources */,
				78A9FBE11D21DEF80055B029 /* ArticleViewing.m in Sources */,
				781A8C101D3EDEAB00963931 /* City.swift in Sources */,
				78A9FBF41D233A9B0055B029 /* AroundTheWorld.m in Sources */,
				7816C77D1D318752005696ED /* NSData+Base64.m in Sources */,
				78E4D4501D1B1CF200FAFC1C /* ViewController.m in Sources */,
				7816C77F1D318752005696ED /* NSString+Base64.m in Sources */,
				78D40FF11D38402B004742A7 /* AsyncImageView.m in Sources */,
				7816C75D1D317EBD005696ED /* Login.m in Sources */,
				78A9FBB31D1E15300055B029 /* PuzzleNavigation.m in Sources */,
				781A8C181D3EE08E00963931 /* ViewController.swift in Sources */,
				781A8C121D3EDEEC00963931 /* VCMapView.swift in Sources */,
				78D07FCE1D2EFBB90090D72B /* IGCMenu.m in Sources */,
				784A31871D26E4D200AC8AB9 /* CircleProgressBar.m in Sources */,
				78E4D44D1D1B1CF200FAFC1C /* AppDelegate.m in Sources */,
				781D77511D1CA8CC00D9417C /* Puzzle.m in Sources */,
				78E4D4611D1B2D9400FAFC1C /* YTPlayerView.m in Sources */,
				784A31841D26CE6700AC8AB9 /* Quiz.m in Sources */,
				7816C77B1D318752005696ED /* AESCrypt.m in Sources */,
				78E4D44A1D1B1CF100FAFC1C /* main.m in Sources */,
			);
			runOnlyForDeploymentPostprocessing = 0;
		};
/* End PBXSourcesBuildPhase section */

/* Begin PBXVariantGroup section */
		78E4D4511D1B1CF200FAFC1C /* Main.storyboard */ = {
			isa = PBXVariantGroup;
			children = (
				78E4D4521D1B1CF200FAFC1C /* Base */,
			);
			name = Main.storyboard;
			sourceTree = "<group>";
		};
		78E4D4561D1B1CF200FAFC1C /* LaunchScreen.storyboard */ = {
			isa = PBXVariantGroup;
			children = (
				78E4D4571D1B1CF200FAFC1C /* Base */,
			);
			name = LaunchScreen.storyboard;
			sourceTree = "<group>";
		};
/* End PBXVariantGroup section */

/* Begin XCBuildConfiguration section */
		78E4D45A1D1B1CF200FAFC1C /* Debug */ = {
			isa = XCBuildConfiguration;
			buildSettings = {
				ALWAYS_SEARCH_USER_PATHS = NO;
				CLANG_ANALYZER_NONNULL = YES;
				CLANG_CXX_LANGUAGE_STANDARD = "gnu++0x";
				CLANG_CXX_LIBRARY = "libc++";
				CLANG_ENABLE_MODULES = YES;
				CLANG_ENABLE_OBJC_ARC = YES;
				CLANG_WARN_BOOL_CONVERSION = YES;
				CLANG_WARN_CONSTANT_CONVERSION = YES;
				CLANG_WARN_DIRECT_OBJC_ISA_USAGE = YES_ERROR;
				CLANG_WARN_EMPTY_BODY = YES;
				CLANG_WARN_ENUM_CONVERSION = YES;
				CLANG_WARN_INT_CONVERSION = YES;
				CLANG_WARN_OBJC_ROOT_CLASS = YES_ERROR;
				CLANG_WARN_UNREACHABLE_CODE = YES;
				CLANG_WARN__DUPLICATE_METHOD_MATCH = YES;
				"CODE_SIGN_IDENTITY[sdk=iphoneos*]" = "iPhone Developer";
				COPY_PHASE_STRIP = NO;
				DEBUG_INFORMATION_FORMAT = dwarf;
				ENABLE_STRICT_OBJC_MSGSEND = YES;
				ENABLE_TESTABILITY = YES;
				GCC_C_LANGUAGE_STANDARD = gnu99;
				GCC_DYNAMIC_NO_PIC = NO;
				GCC_NO_COMMON_BLOCKS = YES;
				GCC_OPTIMIZATION_LEVEL = 0;
				GCC_PREPROCESSOR_DEFINITIONS = (
					"DEBUG=1",
					"$(inherited)",
				);
				GCC_WARN_64_TO_32_BIT_CONVERSION = YES;
				GCC_WARN_ABOUT_RETURN_TYPE = YES_ERROR;
				GCC_WARN_UNDECLARED_SELECTOR = YES;
				GCC_WARN_UNINITIALIZED_AUTOS = YES_AGGRESSIVE;
				GCC_WARN_UNUSED_FUNCTION = YES;
				GCC_WARN_UNUSED_VARIABLE = YES;
				IPHONEOS_DEPLOYMENT_TARGET = 9.3;
				MTL_ENABLE_DEBUG_INFO = YES;
				ONLY_ACTIVE_ARCH = YES;
				SDKROOT = iphoneos;
				TARGETED_DEVICE_FAMILY = "1,2";
			};
			name = Debug;
		};
		78E4D45B1D1B1CF200FAFC1C /* Release */ = {
			isa = XCBuildConfiguration;
			buildSettings = {
				ALWAYS_SEARCH_USER_PATHS = NO;
				CLANG_ANALYZER_NONNULL = YES;
				CLANG_CXX_LANGUAGE_STANDARD = "gnu++0x";
				CLANG_CXX_LIBRARY = "libc++";
				CLANG_ENABLE_MODULES = YES;
				CLANG_ENABLE_OBJC_ARC = YES;
				CLANG_WARN_BOOL_CONVERSION = YES;
				CLANG_WARN_CONSTANT_CONVERSION = YES;
				CLANG_WARN_DIRECT_OBJC_ISA_USAGE = YES_ERROR;
				CLANG_WARN_EMPTY_BODY = YES;
				CLANG_WARN_ENUM_CONVERSION = YES;
				CLANG_WARN_INT_CONVERSION = YES;
				CLANG_WARN_OBJC_ROOT_CLASS = YES_ERROR;
				CLANG_WARN_UNREACHABLE_CODE = YES;
				CLANG_WARN__DUPLICATE_METHOD_MATCH = YES;
				"CODE_SIGN_IDENTITY[sdk=iphoneos*]" = "iPhone Developer";
				COPY_PHASE_STRIP = NO;
				DEBUG_INFORMATION_FORMAT = "dwarf-with-dsym";
				ENABLE_NS_ASSERTIONS = NO;
				ENABLE_STRICT_OBJC_MSGSEND = YES;
				GCC_C_LANGUAGE_STANDARD = gnu99;
				GCC_NO_COMMON_BLOCKS = YES;
				GCC_WARN_64_TO_32_BIT_CONVERSION = YES;
				GCC_WARN_ABOUT_RETURN_TYPE = YES_ERROR;
				GCC_WARN_UNDECLARED_SELECTOR = YES;
				GCC_WARN_UNINITIALIZED_AUTOS = YES_AGGRESSIVE;
				GCC_WARN_UNUSED_FUNCTION = YES;
				GCC_WARN_UNUSED_VARIABLE = YES;
				IPHONEOS_DEPLOYMENT_TARGET = 9.3;
				MTL_ENABLE_DEBUG_INFO = NO;
				SDKROOT = iphoneos;
				TARGETED_DEVICE_FAMILY = "1,2";
				VALIDATE_PRODUCT = YES;
			};
			name = Release;
		};
		78E4D45D1D1B1CF200FAFC1C /* Debug */ = {
			isa = XCBuildConfiguration;
			buildSettings = {
				ASSETCATALOG_COMPILER_APPICON_NAME = AppIcon;
				CLANG_ENABLE_MODULES = YES;
				FRAMEWORK_SEARCH_PATHS = (
					"$(inherited)",
					"$(PROJECT_DIR)/Magazine",
					"$(PROJECT_DIR)/Carthage/Build/iOS",
				);
				INFOPLIST_FILE = Magazine/Info.plist;
				LD_RUNPATH_SEARCH_PATHS = "$(inherited) @executable_path/Frameworks";
				PRODUCT_BUNDLE_IDENTIFIER = "-025labs.Magazine";
				PRODUCT_NAME = "$(TARGET_NAME)";
				SWIFT_OBJC_BRIDGING_HEADER = "Magazine/Magazine-Bridging-Header.h";
				SWIFT_OPTIMIZATION_LEVEL = "-Onone";
			};
			name = Debug;
		};
		78E4D45E1D1B1CF200FAFC1C /* Release */ = {
			isa = XCBuildConfiguration;
			buildSettings = {
				ASSETCATALOG_COMPILER_APPICON_NAME = AppIcon;
				CLANG_ENABLE_MODULES = YES;
				FRAMEWORK_SEARCH_PATHS = (
					"$(inherited)",
					"$(PROJECT_DIR)/Magazine",
					"$(PROJECT_DIR)/Carthage/Build/iOS",
				);
				INFOPLIST_FILE = Magazine/Info.plist;
				LD_RUNPATH_SEARCH_PATHS = "$(inherited) @executable_path/Frameworks";
				PRODUCT_BUNDLE_IDENTIFIER = "-025labs.Magazine";
				PRODUCT_NAME = "$(TARGET_NAME)";
				SWIFT_OBJC_BRIDGING_HEADER = "Magazine/Magazine-Bridging-Header.h";
			};
			name = Release;
		};
/* End XCBuildConfiguration section */

/* Begin XCConfigurationList section */
		78E4D4401D1B1CF100FAFC1C /* Build configuration list for PBXProject "Magazine" */ = {
			isa = XCConfigurationList;
			buildConfigurations = (
				78E4D45A1D1B1CF200FAFC1C /* Debug */,
				78E4D45B1D1B1CF200FAFC1C /* Release */,
			);
			defaultConfigurationIsVisible = 0;
			defaultConfigurationName = Release;
		};
		78E4D45C1D1B1CF200FAFC1C /* Build configuration list for PBXNativeTarget "Magazine" */ = {
			isa = XCConfigurationList;
			buildConfigurations = (
				78E4D45D1D1B1CF200FAFC1C /* Debug */,
				78E4D45E1D1B1CF200FAFC1C /* Release */,
			);
			defaultConfigurationIsVisible = 0;
			defaultConfigurationName = Release;
		};
/* End XCConfigurationList section */
	};
	rootObject = 78E4D43D1D1B1CF100FAFC1C /* Project object */;
}
